Microsoft Visual Studio Solution File, Format Version 8.00
Project("{8BC9CEB8-8B4A-11D0-8D11-00A0C91BC942}") = "DocumentReader", "DocumentReader.vcproj", "{0B9C08B4-0C49-4473-B46A-A0291FA844E8}"
	ProjectSection(ProjectDependencies) = postProject
	EndProjectSection
EndProject
Global
	GlobalSection(SolutionConfiguration) = preSolution
		Debug = Debug
		Release = Release
	EndGlobalSection
	GlobalSection(ProjectConfiguration) = postSolution
		{0B9C08B4-0C49-4473-B46A-A0291FA844E8}.Debug.ActiveCfg = Debug|Win32
		{0B9C08B4-0C49-4473-B46A-A0291FA844E8}.Debug.Build.0 = Debug|Win32
		{0B9C08B4-0C49-4473-B46A-A0291FA844E8}.Release.ActiveCfg = Release|Win32
		{0B9C08B4-0C49-4473-B46A-A0291FA844E8}.Release.Build.0 = Release|Win32
	EndGlobalSection
	GlobalSection(ExtensibilityGlobals) = postSolution
	EndGlobalSection
	GlobalSection(ExtensibilityAddIns) = postSolution
	EndGlobalSection
EndGlobal
