
Microsoft Visual Studio Solution File, Format Version 11.00
# Visual Studio 2010
Project("{8BC9CEB8-8B4A-11D0-8D11-00A0C91BC942}") = "HashTest", "..\HashTest\HashTest_10.vcxproj", "{5E774C19-4414-4BE8-8739-442C0A91E178}"
EndProject
Project("{8BC9CEB8-8B4A-11D0-8D11-00A0C91BC942}") = "HashLib", "..\HashLib\HashLib_10.vcxproj", "{196C99FC-9A4E-421F-B44C-8E3FD177122F}"
EndProject
Global
	GlobalSection(SolutionConfigurationPlatforms) = preSolution
		Debug|Win32 = Debug|Win32
		Debug|x64 = Debug|x64
		Release|Win32 = Release|Win32
		Release|x64 = Release|x64
	EndGlobalSection
	GlobalSection(ProjectConfigurationPlatforms) = postSolution
		{5E774C19-4414-4BE8-8739-442C0A91E178}.Debug|Win32.ActiveCfg = Debug|Win32
		{5E774C19-4414-4BE8-8739-442C0A91E178}.Debug|Win32.Build.0 = Debug|Win32
		{5E774C19-4414-4BE8-8739-442C0A91E178}.Debug|x64.ActiveCfg = Debug|x64
		{5E774C19-4414-4BE8-8739-442C0A91E178}.Debug|x64.Build.0 = Debug|x64
		{5E774C19-4414-4BE8-8739-442C0A91E178}.Release|Win32.ActiveCfg = Release|Win32
		{5E774C19-4414-4BE8-8739-442C0A91E178}.Release|Win32.Build.0 = Release|Win32
		{5E774C19-4414-4BE8-8739-442C0A91E178}.Release|x64.ActiveCfg = Release|x64
		{5E774C19-4414-4BE8-8739-442C0A91E178}.Release|x64.Build.0 = Release|x64
		{196C99FC-9A4E-421F-B44C-8E3FD177122F}.Debug|Win32.ActiveCfg = Debug|Win32
		{196C99FC-9A4E-421F-B44C-8E3FD177122F}.Debug|Win32.Build.0 = Debug|Win32
		{196C99FC-9A4E-421F-B44C-8E3FD177122F}.Debug|x64.ActiveCfg = Debug|x64
		{196C99FC-9A4E-421F-B44C-8E3FD177122F}.Debug|x64.Build.0 = Debug|x64
		{196C99FC-9A4E-421F-B44C-8E3FD177122F}.Release|Win32.ActiveCfg = Release|Win32
		{196C99FC-9A4E-421F-B44C-8E3FD177122F}.Release|Win32.Build.0 = Release|Win32
		{196C99FC-9A4E-421F-B44C-8E3FD177122F}.Release|x64.ActiveCfg = Release|x64
		{196C99FC-9A4E-421F-B44C-8E3FD177122F}.Release|x64.Build.0 = Release|x64
	EndGlobalSection
	GlobalSection(SolutionProperties) = preSolution
		HideSolutionNode = FALSE
	EndGlobalSection
	GlobalSection(DPCodeReviewSolutionGUID) = preSolution
		DPCodeReviewSolutionGUID = {00000000-0000-0000-0000-000000000000}
	EndGlobalSection
EndGlobal
