Microsoft Visual Studio Solution File, Format Version 8.00
Project("{8BC9CEB8-8B4A-11D0-8D11-00A0C91BC942}") = "zlibwapi", "zlibwapi.vcproj", "{39F34F2C-D42A-41D2-A0BC-54D7972E2BC5}"
	ProjectSection(ProjectDependencies) = postProject
	EndProjectSection
EndProject
Project("{8BC9CEB8-8B4A-11D0-8D11-00A0C91BC942}") = "LibGFL", "LibGFL.vcproj", "{5DFF8561-48FB-4D3E-88F2-4354F1527D29}"
	ProjectSection(ProjectDependencies) = postProject
	EndProjectSection
EndProject
Project("{8BC9CEB8-8B4A-11D0-8D11-00A0C91BC942}") = "GeoIP", "GeoIP.vcproj", "{DFAB04E0-9275-42FB-BCBB-2F153EB7D253}"
	ProjectSection(ProjectDependencies) = postProject
	EndProjectSection
EndProject
Project("{8BC9CEB8-8B4A-11D0-8D11-00A0C91BC942}") = "Shareaza", "Shareaza.vcproj", "{E1F5FB69-98B2-49E0-A74B-1E7141955CB6}"
	ProjectSection(ProjectDependencies) = postProject
	EndProjectSection
EndProject
Project("{8BC9CEB8-8B4A-11D0-8D11-00A0C91BC942}") = "DocumentReader", "DocumentReader.vcproj", "{FF8DE974-0784-45C3-8776-744E41A9E84B}"
	ProjectSection(ProjectDependencies) = postProject
		{39F34F2C-D42A-41D2-A0BC-54D7972E2BC5} = {39F34F2C-D42A-41D2-A0BC-54D7972E2BC5}
	EndProjectSection
EndProject
Project("{8BC9CEB8-8B4A-11D0-8D11-00A0C91BC942}") = "GFLImageServices", "GFLImageServices.vcproj", "{E99CA8F9-D6F6-440C-B6EF-47F02DFAD891}"
	ProjectSection(ProjectDependencies) = postProject
		{5DFF8561-48FB-4D3E-88F2-4354F1527D29} = {5DFF8561-48FB-4D3E-88F2-4354F1527D29}
	EndProjectSection
EndProject
Project("{8BC9CEB8-8B4A-11D0-8D11-00A0C91BC942}") = "GFLLibraryBuilder", "GFLLibraryBuilder.vcproj", "{5D001F1C-729C-48EA-B4BF-F98B95AE2A47}"
	ProjectSection(ProjectDependencies) = postProject
		{5DFF8561-48FB-4D3E-88F2-4354F1527D29} = {5DFF8561-48FB-4D3E-88F2-4354F1527D29}
	EndProjectSection
EndProject
Project("{8BC9CEB8-8B4A-11D0-8D11-00A0C91BC942}") = "ImageViewer", "ImageViewer.vcproj", "{663E705A-33D0-459E-9A00-A9D132990FB7}"
	ProjectSection(ProjectDependencies) = postProject
	EndProjectSection
EndProject
Project("{8BC9CEB8-8B4A-11D0-8D11-00A0C91BC942}") = "MediaImageServices", "MediaImageServices.vcproj", "{2F8E5D93-E638-4307-A348-3273D3E77FEA}"
	ProjectSection(ProjectDependencies) = postProject
	EndProjectSection
EndProject
Project("{8BC9CEB8-8B4A-11D0-8D11-00A0C91BC942}") = "MediaLibraryBuilder", "MediaLibraryBuilder.vcproj", "{3AC74D32-A54C-408C-B526-C8EAA453FB84}"
	ProjectSection(ProjectDependencies) = postProject
	EndProjectSection
EndProject
Project("{8BC9CEB8-8B4A-11D0-8D11-00A0C91BC942}") = "SWFPlugin", "SWFPlugin.vcproj", "{767F86EF-ADD4-4003-A7C4-89907C26EC72}"
	ProjectSection(ProjectDependencies) = postProject
	EndProjectSection
EndProject
Project("{8BC9CEB8-8B4A-11D0-8D11-00A0C91BC942}") = "RatDVDReader", "RatDVDReader.vcproj", "{9FD49A08-2D98-4CF1-AEEB-0D42EA382331}"
	ProjectSection(ProjectDependencies) = postProject
	EndProjectSection
EndProject
Project("{8BC9CEB8-8B4A-11D0-8D11-00A0C91BC942}") = "RARBuilder", "RARBuilder.vcproj", "{F801DAD7-F08D-48EF-B0DF-6B120377E835}"
	ProjectSection(ProjectDependencies) = postProject
	EndProjectSection
EndProject
Project("{8BC9CEB8-8B4A-11D0-8D11-00A0C91BC942}") = "ZIPBuilder", "ZIPBuilder.vcproj", "{2F74AA28-2498-4805-911A-04C39858D529}"
	ProjectSection(ProjectDependencies) = postProject
		{39F34F2C-D42A-41D2-A0BC-54D7972E2BC5} = {39F34F2C-D42A-41D2-A0BC-54D7972E2BC5}
	EndProjectSection
EndProject
Project("{8BC9CEB8-8B4A-11D0-8D11-00A0C91BC942}") = "7ZipBuilder", "7ZipBuilder.vcproj", "{B69F80CD-FB15-45E8-B359-92A41CC571A7}"
	ProjectSection(ProjectDependencies) = postProject
	EndProjectSection
EndProject
Project("{8BC9CEB8-8B4A-11D0-8D11-00A0C91BC942}") = "SkinScanSKS", "SkinScanSKS.vcproj", "{4D17C24E-FBE5-4872-9CB5-817089282EC5}"
	ProjectSection(ProjectDependencies) = postProject
		{39F34F2C-D42A-41D2-A0BC-54D7972E2BC5} = {39F34F2C-D42A-41D2-A0BC-54D7972E2BC5}
	EndProjectSection
EndProject
Project("{8BC9CEB8-8B4A-11D0-8D11-00A0C91BC942}") = "skin-installer", "skin-installer.vcproj", "{CAA6FCC8-27B1-42B9-B647-976E7BE79C70}"
	ProjectSection(ProjectDependencies) = postProject
		{39F34F2C-D42A-41D2-A0BC-54D7972E2BC5} = {39F34F2C-D42A-41D2-A0BC-54D7972E2BC5}
	EndProjectSection
EndProject
Project("{8BC9CEB8-8B4A-11D0-8D11-00A0C91BC942}") = "Installer", "Installer.vcproj", "{9CFCA9C0-5F08-40F6-947B-63661B91A95A}"
	ProjectSection(ProjectDependencies) = postProject
		{9FD49A08-2D98-4CF1-AEEB-0D42EA382331} = {9FD49A08-2D98-4CF1-AEEB-0D42EA382331}
		{5D001F1C-729C-48EA-B4BF-F98B95AE2A47} = {5D001F1C-729C-48EA-B4BF-F98B95AE2A47}
		{2F74AA28-2498-4805-911A-04C39858D529} = {2F74AA28-2498-4805-911A-04C39858D529}
		{39F34F2C-D42A-41D2-A0BC-54D7972E2BC5} = {39F34F2C-D42A-41D2-A0BC-54D7972E2BC5}
		{3AC74D32-A54C-408C-B526-C8EAA453FB84} = {3AC74D32-A54C-408C-B526-C8EAA453FB84}
		{4D17C24E-FBE5-4872-9CB5-817089282EC5} = {4D17C24E-FBE5-4872-9CB5-817089282EC5}
		{663E705A-33D0-459E-9A00-A9D132990FB7} = {663E705A-33D0-459E-9A00-A9D132990FB7}
		{5DFF8561-48FB-4D3E-88F2-4354F1527D29} = {5DFF8561-48FB-4D3E-88F2-4354F1527D29}
		{E1F5FB69-98B2-49E0-A74B-1E7141955CB6} = {E1F5FB69-98B2-49E0-A74B-1E7141955CB6}
		{FF8DE974-0784-45C3-8776-744E41A9E84B} = {FF8DE974-0784-45C3-8776-744E41A9E84B}
		{2F8E5D93-E638-4307-A348-3273D3E77FEA} = {2F8E5D93-E638-4307-A348-3273D3E77FEA}
		{CAA6FCC8-27B1-42B9-B647-976E7BE79C70} = {CAA6FCC8-27B1-42B9-B647-976E7BE79C70}
		{B69F80CD-FB15-45E8-B359-92A41CC571A7} = {B69F80CD-FB15-45E8-B359-92A41CC571A7}
		{F801DAD7-F08D-48EF-B0DF-6B120377E835} = {F801DAD7-F08D-48EF-B0DF-6B120377E835}
		{DFAB04E0-9275-42FB-BCBB-2F153EB7D253} = {DFAB04E0-9275-42FB-BCBB-2F153EB7D253}
		{767F86EF-ADD4-4003-A7C4-89907C26EC72} = {767F86EF-ADD4-4003-A7C4-89907C26EC72}
		{E99CA8F9-D6F6-440C-B6EF-47F02DFAD891} = {E99CA8F9-D6F6-440C-B6EF-47F02DFAD891}
	EndProjectSection
EndProject
Project("{8BC9CEB8-8B4A-11D0-8D11-00A0C91BC942}") = "Torrentaid", "Torrentaid.vcproj", "{2EFD2DB3-DC1D-4D81-9488-EAFBBB87471D}"
	ProjectSection(ProjectDependencies) = postProject
	EndProjectSection
EndProject
Global
	GlobalSection(SolutionConfiguration) = preSolution
		Debug Win32 = Debug Win32
		Debug x64 = Debug x64
		Release Win32 = Release Win32
		Release x64 = Release x64
	EndGlobalSection
	GlobalSection(ProjectDependencies) = postSolution
	EndGlobalSection
	GlobalSection(ProjectConfiguration) = postSolution
		{E1F5FB69-98B2-49E0-A74B-1E7141955CB6}.Debug Win32.ActiveCfg = Debug Win32|Win32
		{E1F5FB69-98B2-49E0-A74B-1E7141955CB6}.Debug Win32.Build.0 = Debug Win32|Win32
		{E1F5FB69-98B2-49E0-A74B-1E7141955CB6}.Debug x64.ActiveCfg = Debug x64|Win32
		{E1F5FB69-98B2-49E0-A74B-1E7141955CB6}.Debug x64.Build.0 = Debug x64|Win32
		{E1F5FB69-98B2-49E0-A74B-1E7141955CB6}.Release Win32.ActiveCfg = Release Win32|Win32
		{E1F5FB69-98B2-49E0-A74B-1E7141955CB6}.Release Win32.Build.0 = Release Win32|Win32
		{E1F5FB69-98B2-49E0-A74B-1E7141955CB6}.Release x64.ActiveCfg = Release x64|Win32
		{E1F5FB69-98B2-49E0-A74B-1E7141955CB6}.Release x64.Build.0 = Release x64|Win32
		{39F34F2C-D42A-41D2-A0BC-54D7972E2BC5}.Debug Win32.ActiveCfg = Debug Win32|Win32
		{39F34F2C-D42A-41D2-A0BC-54D7972E2BC5}.Debug Win32.Build.0 = Debug Win32|Win32
		{39F34F2C-D42A-41D2-A0BC-54D7972E2BC5}.Debug x64.ActiveCfg = Debug x64|Win32
		{39F34F2C-D42A-41D2-A0BC-54D7972E2BC5}.Debug x64.Build.0 = Debug x64|Win32
		{39F34F2C-D42A-41D2-A0BC-54D7972E2BC5}.Release Win32.ActiveCfg = Release Win32|Win32
		{39F34F2C-D42A-41D2-A0BC-54D7972E2BC5}.Release Win32.Build.0 = Release Win32|Win32
		{39F34F2C-D42A-41D2-A0BC-54D7972E2BC5}.Release x64.ActiveCfg = Release x64|Win32
		{39F34F2C-D42A-41D2-A0BC-54D7972E2BC5}.Release x64.Build.0 = Release x64|Win32
		{DFAB04E0-9275-42FB-BCBB-2F153EB7D253}.Debug Win32.ActiveCfg = Debug Win32|Win32
		{DFAB04E0-9275-42FB-BCBB-2F153EB7D253}.Debug Win32.Build.0 = Debug Win32|Win32
		{DFAB04E0-9275-42FB-BCBB-2F153EB7D253}.Debug x64.ActiveCfg = Debug x64|Win32
		{DFAB04E0-9275-42FB-BCBB-2F153EB7D253}.Debug x64.Build.0 = Debug x64|Win32
		{DFAB04E0-9275-42FB-BCBB-2F153EB7D253}.Release Win32.ActiveCfg = Release Win32|Win32
		{DFAB04E0-9275-42FB-BCBB-2F153EB7D253}.Release Win32.Build.0 = Release Win32|Win32
		{DFAB04E0-9275-42FB-BCBB-2F153EB7D253}.Release x64.ActiveCfg = Release x64|Win32
		{DFAB04E0-9275-42FB-BCBB-2F153EB7D253}.Release x64.Build.0 = Release x64|Win32
		{5DFF8561-48FB-4D3E-88F2-4354F1527D29}.Debug Win32.ActiveCfg = Debug Win32|Win32
		{5DFF8561-48FB-4D3E-88F2-4354F1527D29}.Debug Win32.Build.0 = Debug Win32|Win32
		{5DFF8561-48FB-4D3E-88F2-4354F1527D29}.Debug x64.ActiveCfg = Debug x64|Win32
		{5DFF8561-48FB-4D3E-88F2-4354F1527D29}.Debug x64.Build.0 = Debug x64|Win32
		{5DFF8561-48FB-4D3E-88F2-4354F1527D29}.Release Win32.ActiveCfg = Release Win32|Win32
		{5DFF8561-48FB-4D3E-88F2-4354F1527D29}.Release Win32.Build.0 = Release Win32|Win32
		{5DFF8561-48FB-4D3E-88F2-4354F1527D29}.Release x64.ActiveCfg = Release x64|Win32
		{5DFF8561-48FB-4D3E-88F2-4354F1527D29}.Release x64.Build.0 = Release x64|Win32
		{FF8DE974-0784-45C3-8776-744E41A9E84B}.Debug Win32.ActiveCfg = Debug Win32|Win32
		{FF8DE974-0784-45C3-8776-744E41A9E84B}.Debug Win32.Build.0 = Debug Win32|Win32
		{FF8DE974-0784-45C3-8776-744E41A9E84B}.Debug x64.ActiveCfg = Debug x64|Win32
		{FF8DE974-0784-45C3-8776-744E41A9E84B}.Debug x64.Build.0 = Debug x64|Win32
		{FF8DE974-0784-45C3-8776-744E41A9E84B}.Release Win32.ActiveCfg = Release Win32|Win32
		{FF8DE974-0784-45C3-8776-744E41A9E84B}.Release Win32.Build.0 = Release Win32|Win32
		{FF8DE974-0784-45C3-8776-744E41A9E84B}.Release x64.ActiveCfg = Release x64|Win32
		{FF8DE974-0784-45C3-8776-744E41A9E84B}.Release x64.Build.0 = Release x64|Win32
		{E99CA8F9-D6F6-440C-B6EF-47F02DFAD891}.Debug Win32.ActiveCfg = Debug Win32|Win32
		{E99CA8F9-D6F6-440C-B6EF-47F02DFAD891}.Debug Win32.Build.0 = Debug Win32|Win32
		{E99CA8F9-D6F6-440C-B6EF-47F02DFAD891}.Debug x64.ActiveCfg = Debug x64|Win32
		{E99CA8F9-D6F6-440C-B6EF-47F02DFAD891}.Debug x64.Build.0 = Debug x64|Win32
		{E99CA8F9-D6F6-440C-B6EF-47F02DFAD891}.Release Win32.ActiveCfg = Release Win32|Win32
		{E99CA8F9-D6F6-440C-B6EF-47F02DFAD891}.Release Win32.Build.0 = Release Win32|Win32
		{E99CA8F9-D6F6-440C-B6EF-47F02DFAD891}.Release x64.ActiveCfg = Release x64|Win32
		{E99CA8F9-D6F6-440C-B6EF-47F02DFAD891}.Release x64.Build.0 = Release x64|Win32
		{5D001F1C-729C-48EA-B4BF-F98B95AE2A47}.Debug Win32.ActiveCfg = Debug Win32|Win32
		{5D001F1C-729C-48EA-B4BF-F98B95AE2A47}.Debug Win32.Build.0 = Debug Win32|Win32
		{5D001F1C-729C-48EA-B4BF-F98B95AE2A47}.Debug x64.ActiveCfg = Debug x64|Win32
		{5D001F1C-729C-48EA-B4BF-F98B95AE2A47}.Debug x64.Build.0 = Debug x64|Win32
		{5D001F1C-729C-48EA-B4BF-F98B95AE2A47}.Release Win32.ActiveCfg = Release Win32|Win32
		{5D001F1C-729C-48EA-B4BF-F98B95AE2A47}.Release Win32.Build.0 = Release Win32|Win32
		{5D001F1C-729C-48EA-B4BF-F98B95AE2A47}.Release x64.ActiveCfg = Release x64|Win32
		{5D001F1C-729C-48EA-B4BF-F98B95AE2A47}.Release x64.Build.0 = Release x64|Win32
		{663E705A-33D0-459E-9A00-A9D132990FB7}.Debug Win32.ActiveCfg = Debug Win32|Win32
		{663E705A-33D0-459E-9A00-A9D132990FB7}.Debug Win32.Build.0 = Debug Win32|Win32
		{663E705A-33D0-459E-9A00-A9D132990FB7}.Debug x64.ActiveCfg = Debug x64|Win32
		{663E705A-33D0-459E-9A00-A9D132990FB7}.Debug x64.Build.0 = Debug x64|Win32
		{663E705A-33D0-459E-9A00-A9D132990FB7}.Release Win32.ActiveCfg = Release Win32|Win32
		{663E705A-33D0-459E-9A00-A9D132990FB7}.Release Win32.Build.0 = Release Win32|Win32
		{663E705A-33D0-459E-9A00-A9D132990FB7}.Release x64.ActiveCfg = Release x64|Win32
		{663E705A-33D0-459E-9A00-A9D132990FB7}.Release x64.Build.0 = Release x64|Win32
		{2F8E5D93-E638-4307-A348-3273D3E77FEA}.Debug Win32.ActiveCfg = Debug Win32|Win32
		{2F8E5D93-E638-4307-A348-3273D3E77FEA}.Debug Win32.Build.0 = Debug Win32|Win32
		{2F8E5D93-E638-4307-A348-3273D3E77FEA}.Debug x64.ActiveCfg = Debug x64|Win32
		{2F8E5D93-E638-4307-A348-3273D3E77FEA}.Debug x64.Build.0 = Debug x64|Win32
		{2F8E5D93-E638-4307-A348-3273D3E77FEA}.Release Win32.ActiveCfg = Release Win32|Win32
		{2F8E5D93-E638-4307-A348-3273D3E77FEA}.Release Win32.Build.0 = Release Win32|Win32
		{2F8E5D93-E638-4307-A348-3273D3E77FEA}.Release x64.ActiveCfg = Release x64|Win32
		{2F8E5D93-E638-4307-A348-3273D3E77FEA}.Release x64.Build.0 = Release x64|Win32
		{3AC74D32-A54C-408C-B526-C8EAA453FB84}.Debug Win32.ActiveCfg = Debug Win32|Win32
		{3AC74D32-A54C-408C-B526-C8EAA453FB84}.Debug Win32.Build.0 = Debug Win32|Win32
		{3AC74D32-A54C-408C-B526-C8EAA453FB84}.Debug x64.ActiveCfg = Debug x64|Win32
		{3AC74D32-A54C-408C-B526-C8EAA453FB84}.Debug x64.Build.0 = Debug x64|Win32
		{3AC74D32-A54C-408C-B526-C8EAA453FB84}.Release Win32.ActiveCfg = Release Win32|Win32
		{3AC74D32-A54C-408C-B526-C8EAA453FB84}.Release Win32.Build.0 = Release Win32|Win32
		{3AC74D32-A54C-408C-B526-C8EAA453FB84}.Release x64.ActiveCfg = Release x64|Win32
		{3AC74D32-A54C-408C-B526-C8EAA453FB84}.Release x64.Build.0 = Release x64|Win32
		{767F86EF-ADD4-4003-A7C4-89907C26EC72}.Debug Win32.ActiveCfg = Debug Win32|Win32
		{767F86EF-ADD4-4003-A7C4-89907C26EC72}.Debug Win32.Build.0 = Debug Win32|Win32
		{767F86EF-ADD4-4003-A7C4-89907C26EC72}.Debug x64.ActiveCfg = Debug x64|Win32
		{767F86EF-ADD4-4003-A7C4-89907C26EC72}.Debug x64.Build.0 = Debug x64|Win32
		{767F86EF-ADD4-4003-A7C4-89907C26EC72}.Release Win32.ActiveCfg = Release Win32|Win32
		{767F86EF-ADD4-4003-A7C4-89907C26EC72}.Release Win32.Build.0 = Release Win32|Win32
		{767F86EF-ADD4-4003-A7C4-89907C26EC72}.Release x64.ActiveCfg = Release x64|Win32
		{767F86EF-ADD4-4003-A7C4-89907C26EC72}.Release x64.Build.0 = Release x64|Win32
		{9FD49A08-2D98-4CF1-AEEB-0D42EA382331}.Debug Win32.ActiveCfg = Debug Win32|Win32
		{9FD49A08-2D98-4CF1-AEEB-0D42EA382331}.Debug Win32.Build.0 = Debug Win32|Win32
		{9FD49A08-2D98-4CF1-AEEB-0D42EA382331}.Debug x64.ActiveCfg = Debug x64|Win32
		{9FD49A08-2D98-4CF1-AEEB-0D42EA382331}.Debug x64.Build.0 = Debug x64|Win32
		{9FD49A08-2D98-4CF1-AEEB-0D42EA382331}.Release Win32.ActiveCfg = Release Win32|Win32
		{9FD49A08-2D98-4CF1-AEEB-0D42EA382331}.Release Win32.Build.0 = Release Win32|Win32
		{9FD49A08-2D98-4CF1-AEEB-0D42EA382331}.Release x64.ActiveCfg = Release x64|Win32
		{9FD49A08-2D98-4CF1-AEEB-0D42EA382331}.Release x64.Build.0 = Release x64|Win32
		{F801DAD7-F08D-48EF-B0DF-6B120377E835}.Debug Win32.ActiveCfg = Debug Win32|Win32
		{F801DAD7-F08D-48EF-B0DF-6B120377E835}.Debug Win32.Build.0 = Debug Win32|Win32
		{F801DAD7-F08D-48EF-B0DF-6B120377E835}.Debug x64.ActiveCfg = Debug x64|Win32
		{F801DAD7-F08D-48EF-B0DF-6B120377E835}.Debug x64.Build.0 = Debug x64|Win32
		{F801DAD7-F08D-48EF-B0DF-6B120377E835}.Release Win32.ActiveCfg = Release Win32|Win32
		{F801DAD7-F08D-48EF-B0DF-6B120377E835}.Release Win32.Build.0 = Release Win32|Win32
		{F801DAD7-F08D-48EF-B0DF-6B120377E835}.Release x64.ActiveCfg = Release x64|Win32
		{F801DAD7-F08D-48EF-B0DF-6B120377E835}.Release x64.Build.0 = Release x64|Win32
		{2F74AA28-2498-4805-911A-04C39858D529}.Debug Win32.ActiveCfg = Debug Win32|Win32
		{2F74AA28-2498-4805-911A-04C39858D529}.Debug Win32.Build.0 = Debug Win32|Win32
		{2F74AA28-2498-4805-911A-04C39858D529}.Debug x64.ActiveCfg = Debug x64|Win32
		{2F74AA28-2498-4805-911A-04C39858D529}.Debug x64.Build.0 = Debug x64|Win32
		{2F74AA28-2498-4805-911A-04C39858D529}.Release Win32.ActiveCfg = Release Win32|Win32
		{2F74AA28-2498-4805-911A-04C39858D529}.Release Win32.Build.0 = Release Win32|Win32
		{2F74AA28-2498-4805-911A-04C39858D529}.Release x64.ActiveCfg = Release x64|Win32
		{2F74AA28-2498-4805-911A-04C39858D529}.Release x64.Build.0 = Release x64|Win32
		{B69F80CD-FB15-45E8-B359-92A41CC571A7}.Debug Win32.ActiveCfg = Debug Win32|Win32
		{B69F80CD-FB15-45E8-B359-92A41CC571A7}.Debug Win32.Build.0 = Debug Win32|Win32
		{B69F80CD-FB15-45E8-B359-92A41CC571A7}.Debug x64.ActiveCfg = Debug x64|Win32
		{B69F80CD-FB15-45E8-B359-92A41CC571A7}.Debug x64.Build.0 = Debug x64|Win32
		{B69F80CD-FB15-45E8-B359-92A41CC571A7}.Release Win32.ActiveCfg = Release Win32|Win32
		{B69F80CD-FB15-45E8-B359-92A41CC571A7}.Release Win32.Build.0 = Release Win32|Win32
		{B69F80CD-FB15-45E8-B359-92A41CC571A7}.Release x64.ActiveCfg = Release x64|Win32
		{B69F80CD-FB15-45E8-B359-92A41CC571A7}.Release x64.Build.0 = Release x64|Win32
		{4D17C24E-FBE5-4872-9CB5-817089282EC5}.Debug Win32.ActiveCfg = Debug Win32|Win32
		{4D17C24E-FBE5-4872-9CB5-817089282EC5}.Debug Win32.Build.0 = Debug Win32|Win32
		{4D17C24E-FBE5-4872-9CB5-817089282EC5}.Debug x64.ActiveCfg = Debug x64|Win32
		{4D17C24E-FBE5-4872-9CB5-817089282EC5}.Debug x64.Build.0 = Debug x64|Win32
		{4D17C24E-FBE5-4872-9CB5-817089282EC5}.Release Win32.ActiveCfg = Release Win32|Win32
		{4D17C24E-FBE5-4872-9CB5-817089282EC5}.Release Win32.Build.0 = Release Win32|Win32
		{4D17C24E-FBE5-4872-9CB5-817089282EC5}.Release x64.ActiveCfg = Release x64|Win32
		{4D17C24E-FBE5-4872-9CB5-817089282EC5}.Release x64.Build.0 = Release x64|Win32
		{CAA6FCC8-27B1-42B9-B647-976E7BE79C70}.Debug Win32.ActiveCfg = Debug Win32|Win32
		{CAA6FCC8-27B1-42B9-B647-976E7BE79C70}.Debug Win32.Build.0 = Debug Win32|Win32
		{CAA6FCC8-27B1-42B9-B647-976E7BE79C70}.Debug x64.ActiveCfg = Debug x64|Win32
		{CAA6FCC8-27B1-42B9-B647-976E7BE79C70}.Debug x64.Build.0 = Debug x64|Win32
		{CAA6FCC8-27B1-42B9-B647-976E7BE79C70}.Release Win32.ActiveCfg = Release Win32|Win32
		{CAA6FCC8-27B1-42B9-B647-976E7BE79C70}.Release Win32.Build.0 = Release Win32|Win32
		{CAA6FCC8-27B1-42B9-B647-976E7BE79C70}.Release x64.ActiveCfg = Release x64|Win32
		{CAA6FCC8-27B1-42B9-B647-976E7BE79C70}.Release x64.Build.0 = Release x64|Win32
		{9CFCA9C0-5F08-40F6-947B-63661B91A95A}.Debug Win32.ActiveCfg = Debug Win32|Win32
		{9CFCA9C0-5F08-40F6-947B-63661B91A95A}.Debug x64.ActiveCfg = Debug x64|Win32
		{9CFCA9C0-5F08-40F6-947B-63661B91A95A}.Release Win32.ActiveCfg = Release Win32|Win32
		{9CFCA9C0-5F08-40F6-947B-63661B91A95A}.Release x64.ActiveCfg = Release x64|Win32
		{2EFD2DB3-DC1D-4D81-9488-EAFBBB87471D}.Debug Win32.ActiveCfg = Debug Win32|Win32
		{2EFD2DB3-DC1D-4D81-9488-EAFBBB87471D}.Debug Win32.Build.0 = Debug Win32|Win32
		{2EFD2DB3-DC1D-4D81-9488-EAFBBB87471D}.Debug x64.ActiveCfg = Debug x64|Win32
		{2EFD2DB3-DC1D-4D81-9488-EAFBBB87471D}.Debug x64.Build.0 = Debug x64|Win32
		{2EFD2DB3-DC1D-4D81-9488-EAFBBB87471D}.Release Win32.ActiveCfg = Release Win32|Win32
		{2EFD2DB3-DC1D-4D81-9488-EAFBBB87471D}.Release Win32.Build.0 = Release Win32|Win32
		{2EFD2DB3-DC1D-4D81-9488-EAFBBB87471D}.Release x64.ActiveCfg = Release x64|Win32
		{2EFD2DB3-DC1D-4D81-9488-EAFBBB87471D}.Release x64.Build.0 = Release x64|Win32
	EndGlobalSection
	GlobalSection(ExtensibilityGlobals) = postSolution
	EndGlobalSection
	GlobalSection(ExtensibilityAddIns) = postSolution
	EndGlobalSection
	GlobalSection(DPCodeReviewSolutionGUID) = preSolution
		DPCodeReviewSolutionGUID = {00000000-0000-0000-0000-000000000000}
	EndGlobalSection
EndGlobal
