Microsoft Visual Studio Solution File, Format Version 8.00
Project("{8BC9CEB8-8B4A-11D0-8D11-00A0C91BC942}") = "zlibwapi", "zlibwapi.vcproj", "{39F34F2C-D42A-41D2-A0BC-54D7972E2BC5}"
	ProjectSection(ProjectDependencies) = postProject
	EndProjectSection
EndProject
Project("{8BC9CEB8-8B4A-11D0-8D11-00A0C91BC942}") = "DocumentReader", "DocumentReader.vcproj", "{FF8DE974-0784-45C3-8776-744E41A9E84B}"
	ProjectSection(ProjectDependencies) = postProject
	EndProjectSection
EndProject
Project("{8BC9CEB8-8B4A-11D0-8D11-00A0C91BC942}") = "GFLImageServices", "GFLImageServices.vcproj", "{E99CA8F9-D6F6-440C-B6EF-47F02DFAD891}"
	ProjectSection(ProjectDependencies) = postProject
	EndProjectSection
EndProject
Project("{8BC9CEB8-8B4A-11D0-8D11-00A0C91BC942}") = "GFLLibraryBuilder", "GFLLibraryBuilder.vcproj", "{5D001F1C-729C-48EA-B4BF-F98B95AE2A47}"
	ProjectSection(ProjectDependencies) = postProject
	EndProjectSection
EndProject
Project("{8BC9CEB8-8B4A-11D0-8D11-00A0C91BC942}") = "ImageViewer", "ImageViewer.vcproj", "{663E705A-33D0-459E-9A00-A9D132990FB7}"
	ProjectSection(ProjectDependencies) = postProject
	EndProjectSection
EndProject
Project("{8BC9CEB8-8B4A-11D0-8D11-00A0C91BC942}") = "MediaImageServices", "MediaImageServices.vcproj", "{2F8E5D93-E638-4307-A348-3273D3E77FEA}"
	ProjectSection(ProjectDependencies) = postProject
	EndProjectSection
EndProject
Project("{8BC9CEB8-8B4A-11D0-8D11-00A0C91BC942}") = "MediaLibraryBuilder", "MediaLibraryBuilder.vcproj", "{3AC74D32-A54C-408C-B526-C8EAA453FB84}"
	ProjectSection(ProjectDependencies) = postProject
	EndProjectSection
EndProject
Project("{8BC9CEB8-8B4A-11D0-8D11-00A0C91BC942}") = "SkinScanSKS", "SkinScanSKS.vcproj", "{4D17C24E-FBE5-4872-9CB5-817089282EC5}"
	ProjectSection(ProjectDependencies) = postProject
	EndProjectSection
EndProject
Project("{8BC9CEB8-8B4A-11D0-8D11-00A0C91BC942}") = "SWFPlugin", "SWFPlugin.vcproj", "{767F86EF-ADD4-4003-A7C4-89907C26EC72}"
	ProjectSection(ProjectDependencies) = postProject
	EndProjectSection
EndProject
Project("{8BC9CEB8-8B4A-11D0-8D11-00A0C91BC942}") = "Shareaza", "Shareaza.vcproj", "{E1F5FB69-98B2-49E0-A74B-1E7141955CB6}"
	ProjectSection(ProjectDependencies) = postProject
	EndProjectSection
EndProject
Project("{8BC9CEB8-8B4A-11D0-8D11-00A0C91BC942}") = "skin-installer", "skin-installer.vcproj", "{CAA6FCC8-27B1-42B9-B647-976E7BE79C70}"
	ProjectSection(ProjectDependencies) = postProject
	EndProjectSection
EndProject
Project("{8BC9CEB8-8B4A-11D0-8D11-00A0C91BC942}") = "Torrentaid", "Torrentaid.vcproj", "{2EFD2DB3-DC1D-4D81-9488-EAFBBB87471D}"
	ProjectSection(ProjectDependencies) = postProject
	EndProjectSection
EndProject
Project("{8BC9CEB8-8B4A-11D0-8D11-00A0C91BC942}") = "RatDVDReader", "RatDVDReader.vcproj", "{9FD49A08-2D98-4CF1-AEEB-0D42EA382331}"
	ProjectSection(ProjectDependencies) = postProject
	EndProjectSection
EndProject
Project("{8BC9CEB8-8B4A-11D0-8D11-00A0C91BC942}") = "GeoIP", "GeoIP.vcproj", "{13C7CBBC-B681-4D81-8878-E2EA1F47022D}"
	ProjectSection(ProjectDependencies) = postProject
	EndProjectSection
EndProject
Project("{8BC9CEB8-8B4A-11D0-8D11-00A0C91BC942}") = "Installer", "Installer.vcproj", "{13C7CBBC-B681-4D81-8878-E2EA1F47022D}"
	ProjectSection(ProjectDependencies) = postProject
		{9FD49A08-2D98-4CF1-AEEB-0D42EA382331} = {9FD49A08-2D98-4CF1-AEEB-0D42EA382331}
		{5D001F1C-729C-48EA-B4BF-F98B95AE2A47} = {5D001F1C-729C-48EA-B4BF-F98B95AE2A47}
		{3AC74D32-A54C-408C-B526-C8EAA453FB84} = {3AC74D32-A54C-408C-B526-C8EAA453FB84}
		{4D17C24E-FBE5-4872-9CB5-817089282EC5} = {4D17C24E-FBE5-4872-9CB5-817089282EC5}
		{663E705A-33D0-459E-9A00-A9D132990FB7} = {663E705A-33D0-459E-9A00-A9D132990FB7}
		{E1F5FB69-98B2-49E0-A74B-1E7141955CB6} = {E1F5FB69-98B2-49E0-A74B-1E7141955CB6}
		{FF8DE974-0784-45C3-8776-744E41A9E84B} = {FF8DE974-0784-45C3-8776-744E41A9E84B}
		{2F8E5D93-E638-4307-A348-3273D3E77FEA} = {2F8E5D93-E638-4307-A348-3273D3E77FEA}
		{CAA6FCC8-27B1-42B9-B647-976E7BE79C70} = {CAA6FCC8-27B1-42B9-B647-976E7BE79C70}
		{767F86EF-ADD4-4003-A7C4-89907C26EC72} = {767F86EF-ADD4-4003-A7C4-89907C26EC72}
		{E99CA8F9-D6F6-440C-B6EF-47F02DFAD891} = {E99CA8F9-D6F6-440C-B6EF-47F02DFAD891}
		{F801DAD7-F08D-48EF-B0DF-6B120377E835} = {F801DAD7-F08D-48EF-B0DF-6B120377E835}
		{2F74AA28-2498-4805-911A-04C39858D529} = {2F74AA28-2498-4805-911A-04C39858D529}
		{B69F80CD-FB15-45E8-B359-92A41CC571A7} = {B69F80CD-FB15-45E8-B359-92A41CC571A7}
	EndProjectSection
EndProject
Project("{8BC9CEB8-8B4A-11D0-8D11-00A0C91BC942}") = "RARBuilder", "..\plugins\RARBuilder\RARBuilder.vcproj", "{F801DAD7-F08D-48EF-B0DF-6B120377E835}"
	ProjectSection(ProjectDependencies) = postProject
	EndProjectSection
EndProject
Project("{8BC9CEB8-8B4A-11D0-8D11-00A0C91BC942}") = "ZIPBuilder", "..\plugins\ZIPBuilder\ZIPBuilder.vcproj", "{2F74AA28-2498-4805-911A-04C39858D529}"
	ProjectSection(ProjectDependencies) = postProject
	EndProjectSection
EndProject
Project("{8BC9CEB8-8B4A-11D0-8D11-00A0C91BC942}") = "7ZipBuilder", "..\plugins\7ZipBuilder\7ZipBuilder.vcproj", "{B69F80CD-FB15-45E8-B359-92A41CC571A7}"
	ProjectSection(ProjectDependencies) = postProject
	EndProjectSection
EndProject
Global
	GlobalSection(DPCodeReviewSolutionGUID) = preSolution
		DPCodeReviewSolutionGUID = {00000000-0000-0000-0000-000000000000}
	EndGlobalSection
	GlobalSection(SolutionConfiguration) = preSolution
		Debug = Debug
		Release = Release
	EndGlobalSection
	GlobalSection(ProjectDependencies) = postSolution
	EndGlobalSection
	GlobalSection(ProjectConfiguration) = postSolution
		{39F34F2C-D42A-41D2-A0BC-54D7972E2BC5}.Debug.ActiveCfg = Debug|Win32
		{39F34F2C-D42A-41D2-A0BC-54D7972E2BC5}.Debug.Build.0 = Debug|Win32
		{39F34F2C-D42A-41D2-A0BC-54D7972E2BC5}.Release.ActiveCfg = Release|Win32
		{FF8DE974-0784-45C3-8776-744E41A9E84B}.Debug.ActiveCfg = Debug|Win32
		{FF8DE974-0784-45C3-8776-744E41A9E84B}.Debug.Build.0 = Debug|Win32
		{FF8DE974-0784-45C3-8776-744E41A9E84B}.Release.ActiveCfg = Release|Win32
		{FF8DE974-0784-45C3-8776-744E41A9E84B}.Release.Build.0 = Release|Win32
		{E99CA8F9-D6F6-440C-B6EF-47F02DFAD891}.Debug.ActiveCfg = Debug|Win32
		{E99CA8F9-D6F6-440C-B6EF-47F02DFAD891}.Debug.Build.0 = Debug|Win32
		{E99CA8F9-D6F6-440C-B6EF-47F02DFAD891}.Release.ActiveCfg = Release|Win32
		{E99CA8F9-D6F6-440C-B6EF-47F02DFAD891}.Release.Build.0 = Release|Win32
		{5D001F1C-729C-48EA-B4BF-F98B95AE2A47}.Debug.ActiveCfg = Debug|Win32
		{5D001F1C-729C-48EA-B4BF-F98B95AE2A47}.Debug.Build.0 = Debug|Win32
		{5D001F1C-729C-48EA-B4BF-F98B95AE2A47}.Release.ActiveCfg = Release|Win32
		{5D001F1C-729C-48EA-B4BF-F98B95AE2A47}.Release.Build.0 = Release|Win32
		{663E705A-33D0-459E-9A00-A9D132990FB7}.Debug.ActiveCfg = Debug|Win32
		{663E705A-33D0-459E-9A00-A9D132990FB7}.Debug.Build.0 = Debug|Win32
		{663E705A-33D0-459E-9A00-A9D132990FB7}.Release.ActiveCfg = Release|Win32
		{663E705A-33D0-459E-9A00-A9D132990FB7}.Release.Build.0 = Release|Win32
		{2F8E5D93-E638-4307-A348-3273D3E77FEA}.Debug.ActiveCfg = Debug|Win32
		{2F8E5D93-E638-4307-A348-3273D3E77FEA}.Debug.Build.0 = Debug|Win32
		{2F8E5D93-E638-4307-A348-3273D3E77FEA}.Release.ActiveCfg = Release|Win32
		{2F8E5D93-E638-4307-A348-3273D3E77FEA}.Release.Build.0 = Release|Win32
		{3AC74D32-A54C-408C-B526-C8EAA453FB84}.Debug.ActiveCfg = Debug|Win32
		{3AC74D32-A54C-408C-B526-C8EAA453FB84}.Debug.Build.0 = Debug|Win32
		{3AC74D32-A54C-408C-B526-C8EAA453FB84}.Release.ActiveCfg = Release|Win32
		{3AC74D32-A54C-408C-B526-C8EAA453FB84}.Release.Build.0 = Release|Win32
		{4D17C24E-FBE5-4872-9CB5-817089282EC5}.Debug.ActiveCfg = Debug|Win32
		{4D17C24E-FBE5-4872-9CB5-817089282EC5}.Debug.Build.0 = Debug|Win32
		{4D17C24E-FBE5-4872-9CB5-817089282EC5}.Release.ActiveCfg = Release|Win32
		{4D17C24E-FBE5-4872-9CB5-817089282EC5}.Release.Build.0 = Release|Win32
		{767F86EF-ADD4-4003-A7C4-89907C26EC72}.Debug.ActiveCfg = Debug|Win32
		{767F86EF-ADD4-4003-A7C4-89907C26EC72}.Debug.Build.0 = Debug|Win32
		{767F86EF-ADD4-4003-A7C4-89907C26EC72}.Release.ActiveCfg = Release|Win32
		{767F86EF-ADD4-4003-A7C4-89907C26EC72}.Release.Build.0 = Release|Win32
		{E1F5FB69-98B2-49E0-A74B-1E7141955CB6}.Debug.ActiveCfg = Debug|Win32
		{E1F5FB69-98B2-49E0-A74B-1E7141955CB6}.Debug.Build.0 = Debug|Win32
		{E1F5FB69-98B2-49E0-A74B-1E7141955CB6}.Release.ActiveCfg = Release|Win32
		{E1F5FB69-98B2-49E0-A74B-1E7141955CB6}.Release.Build.0 = Release|Win32
		{CAA6FCC8-27B1-42B9-B647-976E7BE79C70}.Debug.ActiveCfg = Debug|Win32
		{CAA6FCC8-27B1-42B9-B647-976E7BE79C70}.Debug.Build.0 = Debug|Win32
		{CAA6FCC8-27B1-42B9-B647-976E7BE79C70}.Release.ActiveCfg = Release|Win32
		{CAA6FCC8-27B1-42B9-B647-976E7BE79C70}.Release.Build.0 = Release|Win32
		{2EFD2DB3-DC1D-4D81-9488-EAFBBB87471D}.Debug.ActiveCfg = Debug|Win32
		{2EFD2DB3-DC1D-4D81-9488-EAFBBB87471D}.Debug.Build.0 = Debug|Win32
		{2EFD2DB3-DC1D-4D81-9488-EAFBBB87471D}.Release.ActiveCfg = Release|Win32
		{2EFD2DB3-DC1D-4D81-9488-EAFBBB87471D}.Release.Build.0 = Release|Win32
		{9FD49A08-2D98-4CF1-AEEB-0D42EA382331}.Debug.ActiveCfg = Debug|Win32
		{9FD49A08-2D98-4CF1-AEEB-0D42EA382331}.Debug.Build.0 = Debug|Win32
		{9FD49A08-2D98-4CF1-AEEB-0D42EA382331}.Release.ActiveCfg = Release|Win32
		{9FD49A08-2D98-4CF1-AEEB-0D42EA382331}.Release.Build.0 = Release|Win32
		{13C7CBBC-B681-4D81-8878-E2EA1F47022D}.Debug.ActiveCfg = Debug|Win32
		{13C7CBBC-B681-4D81-8878-E2EA1F47022D}.Debug.Build.0 = Debug|Win32
		{13C7CBBC-B681-4D81-8878-E2EA1F47022D}.Release.ActiveCfg = Release|Win32
		{13C7CBBC-B681-4D81-8878-E2EA1F47022D}.Release.Build.0 = Release|Win32
		{13C7CBBC-B681-4D81-8878-E2EA1F47022D}.Debug.ActiveCfg = Debug|Win32
		{13C7CBBC-B681-4D81-8878-E2EA1F47022D}.Debug.Build.0 = Debug|Win32
		{13C7CBBC-B681-4D81-8878-E2EA1F47022D}.Release.ActiveCfg = Release|Win32
		{13C7CBBC-B681-4D81-8878-E2EA1F47022D}.Release.Build.0 = Release|Win32
		{F801DAD7-F08D-48EF-B0DF-6B120377E835}.Debug.ActiveCfg = Debug|Win32
		{F801DAD7-F08D-48EF-B0DF-6B120377E835}.Debug.Build.0 = Debug|Win32
		{F801DAD7-F08D-48EF-B0DF-6B120377E835}.Release.ActiveCfg = Release|Win32
		{F801DAD7-F08D-48EF-B0DF-6B120377E835}.Release.Build.0 = Release|Win32
		{2F74AA28-2498-4805-911A-04C39858D529}.Debug.ActiveCfg = Debug|Win32
		{2F74AA28-2498-4805-911A-04C39858D529}.Debug.Build.0 = Debug|Win32
		{2F74AA28-2498-4805-911A-04C39858D529}.Release.ActiveCfg = Release|Win32
		{2F74AA28-2498-4805-911A-04C39858D529}.Release.Build.0 = Release|Win32
		{B69F80CD-FB15-45E8-B359-92A41CC571A7}.Debug.ActiveCfg = Debug|Win32
		{B69F80CD-FB15-45E8-B359-92A41CC571A7}.Debug.Build.0 = Debug|Win32
		{B69F80CD-FB15-45E8-B359-92A41CC571A7}.Release.ActiveCfg = Release|Win32
		{B69F80CD-FB15-45E8-B359-92A41CC571A7}.Release.Build.0 = Release|Win32
	EndGlobalSection
	GlobalSection(ExtensibilityGlobals) = postSolution
	EndGlobalSection
	GlobalSection(ExtensibilityAddIns) = postSolution
	EndGlobalSection
EndGlobal
