Microsoft Visual Studio Solution File, Format Version 8.00
Project("{8BC9CEB8-8B4A-11D0-8D11-00A0C91BC942}") = "zlibwapi", "zlibwapi.vcproj", "{39F34F2C-D42A-41D2-A0BC-54D7972E2BC5}"
	ProjectSection(ProjectDependencies) = postProject
	EndProjectSection
EndProject
Project("{8BC9CEB8-8B4A-11D0-8D11-00A0C91BC942}") = "LibGFL", "LibGFL.vcproj", "{5DFF8561-48FB-4D3E-88F2-4354F1527D29}"
	ProjectSection(ProjectDependencies) = postProject
	EndProjectSection
EndProject
Project("{8BC9CEB8-8B4A-11D0-8D11-00A0C91BC942}") = "GeoIP", "GeoIP.vcproj", "{DFAB04E0-9275-42FB-BCBB-2F153EB7D253}"
	ProjectSection(ProjectDependencies) = postProject
	EndProjectSection
EndProject
Project("{8BC9CEB8-8B4A-11D0-8D11-00A0C91BC942}") = "Shareaza", "Shareaza.vcproj", "{E1F5FB69-98B2-49E0-A74B-1E7141955CB6}"
	ProjectSection(ProjectDependencies) = postProject
	EndProjectSection
EndProject
Project("{8BC9CEB8-8B4A-11D0-8D11-00A0C91BC942}") = "DocumentReader", "DocumentReader.vcproj", "{FF8DE974-0784-45C3-8776-744E41A9E84B}"
	ProjectSection(ProjectDependencies) = postProject
		{39F34F2C-D42A-41D2-A0BC-54D7972E2BC5} = {39F34F2C-D42A-41D2-A0BC-54D7972E2BC5}
	EndProjectSection
EndProject
Project("{8BC9CEB8-8B4A-11D0-8D11-00A0C91BC942}") = "GFLImageServices", "GFLImageServices.vcproj", "{E99CA8F9-D6F6-440C-B6EF-47F02DFAD891}"
	ProjectSection(ProjectDependencies) = postProject
		{5DFF8561-48FB-4D3E-88F2-4354F1527D29} = {5DFF8561-48FB-4D3E-88F2-4354F1527D29}
	EndProjectSection
EndProject
Project("{8BC9CEB8-8B4A-11D0-8D11-00A0C91BC942}") = "GFLLibraryBuilder", "GFLLibraryBuilder.vcproj", "{5D001F1C-729C-48EA-B4BF-F98B95AE2A47}"
	ProjectSection(ProjectDependencies) = postProject
		{5DFF8561-48FB-4D3E-88F2-4354F1527D29} = {5DFF8561-48FB-4D3E-88F2-4354F1527D29}
	EndProjectSection
EndProject
Project("{8BC9CEB8-8B4A-11D0-8D11-00A0C91BC942}") = "ImageViewer", "ImageViewer.vcproj", "{663E705A-33D0-459E-9A00-A9D132990FB7}"
	ProjectSection(ProjectDependencies) = postProject
	EndProjectSection
EndProject
Project("{8BC9CEB8-8B4A-11D0-8D11-00A0C91BC942}") = "MediaImageServices", "MediaImageServices.vcproj", "{2F8E5D93-E638-4307-A348-3273D3E77FEA}"
	ProjectSection(ProjectDependencies) = postProject
	EndProjectSection
EndProject
Project("{8BC9CEB8-8B4A-11D0-8D11-00A0C91BC942}") = "MediaLibraryBuilder", "MediaLibraryBuilder.vcproj", "{3AC74D32-A54C-408C-B526-C8EAA453FB84}"
	ProjectSection(ProjectDependencies) = postProject
	EndProjectSection
EndProject
Project("{8BC9CEB8-8B4A-11D0-8D11-00A0C91BC942}") = "SWFPlugin", "SWFPlugin.vcproj", "{767F86EF-ADD4-4003-A7C4-89907C26EC72}"
	ProjectSection(ProjectDependencies) = postProject
	EndProjectSection
EndProject
Project("{8BC9CEB8-8B4A-11D0-8D11-00A0C91BC942}") = "RatDVDReader", "RatDVDReader.vcproj", "{9FD49A08-2D98-4CF1-AEEB-0D42EA382331}"
	ProjectSection(ProjectDependencies) = postProject
	EndProjectSection
EndProject
Project("{8BC9CEB8-8B4A-11D0-8D11-00A0C91BC942}") = "RARBuilder", "RARBuilder.vcproj", "{F801DAD7-F08D-48EF-B0DF-6B120377E835}"
	ProjectSection(ProjectDependencies) = postProject
	EndProjectSection
EndProject
Project("{8BC9CEB8-8B4A-11D0-8D11-00A0C91BC942}") = "ZIPBuilder", "ZIPBuilder.vcproj", "{2F74AA28-2498-4805-911A-04C39858D529}"
	ProjectSection(ProjectDependencies) = postProject
		{39F34F2C-D42A-41D2-A0BC-54D7972E2BC5} = {39F34F2C-D42A-41D2-A0BC-54D7972E2BC5}
	EndProjectSection
EndProject
Project("{8BC9CEB8-8B4A-11D0-8D11-00A0C91BC942}") = "7ZipBuilder", "7ZipBuilder.vcproj", "{B69F80CD-FB15-45E8-B359-92A41CC571A7}"
	ProjectSection(ProjectDependencies) = postProject
	EndProjectSection
EndProject
Project("{8BC9CEB8-8B4A-11D0-8D11-00A0C91BC942}") = "SkinScanSKS", "SkinScanSKS.vcproj", "{4D17C24E-FBE5-4872-9CB5-817089282EC5}"
	ProjectSection(ProjectDependencies) = postProject
		{39F34F2C-D42A-41D2-A0BC-54D7972E2BC5} = {39F34F2C-D42A-41D2-A0BC-54D7972E2BC5}
	EndProjectSection
EndProject
Project("{8BC9CEB8-8B4A-11D0-8D11-00A0C91BC942}") = "skin-installer", "skin-installer.vcproj", "{CAA6FCC8-27B1-42B9-B647-976E7BE79C70}"
	ProjectSection(ProjectDependencies) = postProject
		{39F34F2C-D42A-41D2-A0BC-54D7972E2BC5} = {39F34F2C-D42A-41D2-A0BC-54D7972E2BC5}
	EndProjectSection
EndProject
Project("{8BC9CEB8-8B4A-11D0-8D11-00A0C91BC942}") = "Installer", "Installer.vcproj", "{9CFCA9C0-5F08-40F6-947B-63661B91A95A}"
	ProjectSection(ProjectDependencies) = postProject
		{9FD49A08-2D98-4CF1-AEEB-0D42EA382331} = {9FD49A08-2D98-4CF1-AEEB-0D42EA382331}
		{5D001F1C-729C-48EA-B4BF-F98B95AE2A47} = {5D001F1C-729C-48EA-B4BF-F98B95AE2A47}
		{2F74AA28-2498-4805-911A-04C39858D529} = {2F74AA28-2498-4805-911A-04C39858D529}
		{39F34F2C-D42A-41D2-A0BC-54D7972E2BC5} = {39F34F2C-D42A-41D2-A0BC-54D7972E2BC5}
		{3AC74D32-A54C-408C-B526-C8EAA453FB84} = {3AC74D32-A54C-408C-B526-C8EAA453FB84}
		{4D17C24E-FBE5-4872-9CB5-817089282EC5} = {4D17C24E-FBE5-4872-9CB5-817089282EC5}
		{663E705A-33D0-459E-9A00-A9D132990FB7} = {663E705A-33D0-459E-9A00-A9D132990FB7}
		{5DFF8561-48FB-4D3E-88F2-4354F1527D29} = {5DFF8561-48FB-4D3E-88F2-4354F1527D29}
		{E1F5FB69-98B2-49E0-A74B-1E7141955CB6} = {E1F5FB69-98B2-49E0-A74B-1E7141955CB6}
		{FF8DE974-0784-45C3-8776-744E41A9E84B} = {FF8DE974-0784-45C3-8776-744E41A9E84B}
		{2F8E5D93-E638-4307-A348-3273D3E77FEA} = {2F8E5D93-E638-4307-A348-3273D3E77FEA}
		{CAA6FCC8-27B1-42B9-B647-976E7BE79C70} = {CAA6FCC8-27B1-42B9-B647-976E7BE79C70}
		{B69F80CD-FB15-45E8-B359-92A41CC571A7} = {B69F80CD-FB15-45E8-B359-92A41CC571A7}
		{F801DAD7-F08D-48EF-B0DF-6B120377E835} = {F801DAD7-F08D-48EF-B0DF-6B120377E835}
		{DFAB04E0-9275-42FB-BCBB-2F153EB7D253} = {DFAB04E0-9275-42FB-BCBB-2F153EB7D253}
		{767F86EF-ADD4-4003-A7C4-89907C26EC72} = {767F86EF-ADD4-4003-A7C4-89907C26EC72}
		{E99CA8F9-D6F6-440C-B6EF-47F02DFAD891} = {E99CA8F9-D6F6-440C-B6EF-47F02DFAD891}
	EndProjectSection
EndProject
Project("{8BC9CEB8-8B4A-11D0-8D11-00A0C91BC942}") = "Torrentaid", "Torrentaid.vcproj", "{2EFD2DB3-DC1D-4D81-9488-EAFBBB87471D}"
	ProjectSection(ProjectDependencies) = postProject
	EndProjectSection
EndProject
Global
	GlobalSection(SolutionConfiguration) = preSolution
		DebugWin32 = DebugWin32
		Debugx64 = Debugx64
		ReleaseWin32 = ReleaseWin32
		Releasex64 = Releasex64
	EndGlobalSection
	GlobalSection(ProjectDependencies) = postSolution
	EndGlobalSection
	GlobalSection(ProjectConfiguration) = postSolution
		{E1F5FB69-98B2-49E0-A74B-1E7141955CB6}.DebugWin32.ActiveCfg = DebugWin32|Win32
		{E1F5FB69-98B2-49E0-A74B-1E7141955CB6}.DebugWin32.Build.0 = DebugWin32|Win32
		{E1F5FB69-98B2-49E0-A74B-1E7141955CB6}.Debugx64.ActiveCfg = Debugx64|Win32
		{E1F5FB69-98B2-49E0-A74B-1E7141955CB6}.Debugx64.Build.0 = Debugx64|Win32
		{E1F5FB69-98B2-49E0-A74B-1E7141955CB6}.ReleaseWin32.ActiveCfg = ReleaseWin32|Win32
		{E1F5FB69-98B2-49E0-A74B-1E7141955CB6}.ReleaseWin32.Build.0 = ReleaseWin32|Win32
		{E1F5FB69-98B2-49E0-A74B-1E7141955CB6}.Releasex64.ActiveCfg = Releasex64|Win32
		{E1F5FB69-98B2-49E0-A74B-1E7141955CB6}.Releasex64.Build.0 = Releasex64|Win32
		{39F34F2C-D42A-41D2-A0BC-54D7972E2BC5}.DebugWin32.ActiveCfg = DebugWin32|Win32
		{39F34F2C-D42A-41D2-A0BC-54D7972E2BC5}.DebugWin32.Build.0 = DebugWin32|Win32
		{39F34F2C-D42A-41D2-A0BC-54D7972E2BC5}.Debugx64.ActiveCfg = Debugx64|Win32
		{39F34F2C-D42A-41D2-A0BC-54D7972E2BC5}.Debugx64.Build.0 = Debugx64|Win32
		{39F34F2C-D42A-41D2-A0BC-54D7972E2BC5}.ReleaseWin32.ActiveCfg = ReleaseWin32|Win32
		{39F34F2C-D42A-41D2-A0BC-54D7972E2BC5}.ReleaseWin32.Build.0 = ReleaseWin32|Win32
		{39F34F2C-D42A-41D2-A0BC-54D7972E2BC5}.Releasex64.ActiveCfg = Releasex64|Win32
		{39F34F2C-D42A-41D2-A0BC-54D7972E2BC5}.Releasex64.Build.0 = Releasex64|Win32
		{DFAB04E0-9275-42FB-BCBB-2F153EB7D253}.DebugWin32.ActiveCfg = DebugWin32|Win32
		{DFAB04E0-9275-42FB-BCBB-2F153EB7D253}.DebugWin32.Build.0 = DebugWin32|Win32
		{DFAB04E0-9275-42FB-BCBB-2F153EB7D253}.Debugx64.ActiveCfg = Debugx64|Win32
		{DFAB04E0-9275-42FB-BCBB-2F153EB7D253}.Debugx64.Build.0 = Debugx64|Win32
		{DFAB04E0-9275-42FB-BCBB-2F153EB7D253}.ReleaseWin32.ActiveCfg = ReleaseWin32|Win32
		{DFAB04E0-9275-42FB-BCBB-2F153EB7D253}.ReleaseWin32.Build.0 = ReleaseWin32|Win32
		{DFAB04E0-9275-42FB-BCBB-2F153EB7D253}.Releasex64.ActiveCfg = Releasex64|Win32
		{DFAB04E0-9275-42FB-BCBB-2F153EB7D253}.Releasex64.Build.0 = Releasex64|Win32
		{5DFF8561-48FB-4D3E-88F2-4354F1527D29}.DebugWin32.ActiveCfg = DebugWin32|Win32
		{5DFF8561-48FB-4D3E-88F2-4354F1527D29}.DebugWin32.Build.0 = DebugWin32|Win32
		{5DFF8561-48FB-4D3E-88F2-4354F1527D29}.Debugx64.ActiveCfg = Debugx64|Win32
		{5DFF8561-48FB-4D3E-88F2-4354F1527D29}.Debugx64.Build.0 = Debugx64|Win32
		{5DFF8561-48FB-4D3E-88F2-4354F1527D29}.ReleaseWin32.ActiveCfg = ReleaseWin32|Win32
		{5DFF8561-48FB-4D3E-88F2-4354F1527D29}.ReleaseWin32.Build.0 = ReleaseWin32|Win32
		{5DFF8561-48FB-4D3E-88F2-4354F1527D29}.Releasex64.ActiveCfg = Releasex64|Win32
		{5DFF8561-48FB-4D3E-88F2-4354F1527D29}.Releasex64.Build.0 = Releasex64|Win32
		{FF8DE974-0784-45C3-8776-744E41A9E84B}.DebugWin32.ActiveCfg = DebugWin32|Win32
		{FF8DE974-0784-45C3-8776-744E41A9E84B}.DebugWin32.Build.0 = DebugWin32|Win32
		{FF8DE974-0784-45C3-8776-744E41A9E84B}.Debugx64.ActiveCfg = Debugx64|Win32
		{FF8DE974-0784-45C3-8776-744E41A9E84B}.Debugx64.Build.0 = Debugx64|Win32
		{FF8DE974-0784-45C3-8776-744E41A9E84B}.ReleaseWin32.ActiveCfg = ReleaseWin32|Win32
		{FF8DE974-0784-45C3-8776-744E41A9E84B}.ReleaseWin32.Build.0 = ReleaseWin32|Win32
		{FF8DE974-0784-45C3-8776-744E41A9E84B}.Releasex64.ActiveCfg = Releasex64|Win32
		{FF8DE974-0784-45C3-8776-744E41A9E84B}.Releasex64.Build.0 = Releasex64|Win32
		{E99CA8F9-D6F6-440C-B6EF-47F02DFAD891}.DebugWin32.ActiveCfg = DebugWin32|Win32
		{E99CA8F9-D6F6-440C-B6EF-47F02DFAD891}.DebugWin32.Build.0 = DebugWin32|Win32
		{E99CA8F9-D6F6-440C-B6EF-47F02DFAD891}.Debugx64.ActiveCfg = Debugx64|Win32
		{E99CA8F9-D6F6-440C-B6EF-47F02DFAD891}.Debugx64.Build.0 = Debugx64|Win32
		{E99CA8F9-D6F6-440C-B6EF-47F02DFAD891}.ReleaseWin32.ActiveCfg = ReleaseWin32|Win32
		{E99CA8F9-D6F6-440C-B6EF-47F02DFAD891}.ReleaseWin32.Build.0 = ReleaseWin32|Win32
		{E99CA8F9-D6F6-440C-B6EF-47F02DFAD891}.Releasex64.ActiveCfg = Releasex64|Win32
		{E99CA8F9-D6F6-440C-B6EF-47F02DFAD891}.Releasex64.Build.0 = Releasex64|Win32
		{5D001F1C-729C-48EA-B4BF-F98B95AE2A47}.DebugWin32.ActiveCfg = DebugWin32|Win32
		{5D001F1C-729C-48EA-B4BF-F98B95AE2A47}.DebugWin32.Build.0 = DebugWin32|Win32
		{5D001F1C-729C-48EA-B4BF-F98B95AE2A47}.Debugx64.ActiveCfg = Debugx64|Win32
		{5D001F1C-729C-48EA-B4BF-F98B95AE2A47}.Debugx64.Build.0 = Debugx64|Win32
		{5D001F1C-729C-48EA-B4BF-F98B95AE2A47}.ReleaseWin32.ActiveCfg = ReleaseWin32|Win32
		{5D001F1C-729C-48EA-B4BF-F98B95AE2A47}.ReleaseWin32.Build.0 = ReleaseWin32|Win32
		{5D001F1C-729C-48EA-B4BF-F98B95AE2A47}.Releasex64.ActiveCfg = Releasex64|Win32
		{5D001F1C-729C-48EA-B4BF-F98B95AE2A47}.Releasex64.Build.0 = Releasex64|Win32
		{663E705A-33D0-459E-9A00-A9D132990FB7}.DebugWin32.ActiveCfg = DebugWin32|Win32
		{663E705A-33D0-459E-9A00-A9D132990FB7}.DebugWin32.Build.0 = DebugWin32|Win32
		{663E705A-33D0-459E-9A00-A9D132990FB7}.Debugx64.ActiveCfg = Debugx64|Win32
		{663E705A-33D0-459E-9A00-A9D132990FB7}.Debugx64.Build.0 = Debugx64|Win32
		{663E705A-33D0-459E-9A00-A9D132990FB7}.ReleaseWin32.ActiveCfg = ReleaseWin32|Win32
		{663E705A-33D0-459E-9A00-A9D132990FB7}.ReleaseWin32.Build.0 = ReleaseWin32|Win32
		{663E705A-33D0-459E-9A00-A9D132990FB7}.Releasex64.ActiveCfg = Releasex64|Win32
		{663E705A-33D0-459E-9A00-A9D132990FB7}.Releasex64.Build.0 = Releasex64|Win32
		{2F8E5D93-E638-4307-A348-3273D3E77FEA}.DebugWin32.ActiveCfg = DebugWin32|Win32
		{2F8E5D93-E638-4307-A348-3273D3E77FEA}.DebugWin32.Build.0 = DebugWin32|Win32
		{2F8E5D93-E638-4307-A348-3273D3E77FEA}.Debugx64.ActiveCfg = Debugx64|Win32
		{2F8E5D93-E638-4307-A348-3273D3E77FEA}.Debugx64.Build.0 = Debugx64|Win32
		{2F8E5D93-E638-4307-A348-3273D3E77FEA}.ReleaseWin32.ActiveCfg = ReleaseWin32|Win32
		{2F8E5D93-E638-4307-A348-3273D3E77FEA}.ReleaseWin32.Build.0 = ReleaseWin32|Win32
		{2F8E5D93-E638-4307-A348-3273D3E77FEA}.Releasex64.ActiveCfg = Releasex64|Win32
		{2F8E5D93-E638-4307-A348-3273D3E77FEA}.Releasex64.Build.0 = Releasex64|Win32
		{3AC74D32-A54C-408C-B526-C8EAA453FB84}.DebugWin32.ActiveCfg = DebugWin32|Win32
		{3AC74D32-A54C-408C-B526-C8EAA453FB84}.DebugWin32.Build.0 = DebugWin32|Win32
		{3AC74D32-A54C-408C-B526-C8EAA453FB84}.Debugx64.ActiveCfg = Debugx64|Win32
		{3AC74D32-A54C-408C-B526-C8EAA453FB84}.Debugx64.Build.0 = Debugx64|Win32
		{3AC74D32-A54C-408C-B526-C8EAA453FB84}.ReleaseWin32.ActiveCfg = ReleaseWin32|Win32
		{3AC74D32-A54C-408C-B526-C8EAA453FB84}.ReleaseWin32.Build.0 = ReleaseWin32|Win32
		{3AC74D32-A54C-408C-B526-C8EAA453FB84}.Releasex64.ActiveCfg = Releasex64|Win32
		{3AC74D32-A54C-408C-B526-C8EAA453FB84}.Releasex64.Build.0 = Releasex64|Win32
		{767F86EF-ADD4-4003-A7C4-89907C26EC72}.DebugWin32.ActiveCfg = DebugWin32|Win32
		{767F86EF-ADD4-4003-A7C4-89907C26EC72}.DebugWin32.Build.0 = DebugWin32|Win32
		{767F86EF-ADD4-4003-A7C4-89907C26EC72}.Debugx64.ActiveCfg = Debugx64|Win32
		{767F86EF-ADD4-4003-A7C4-89907C26EC72}.Debugx64.Build.0 = Debugx64|Win32
		{767F86EF-ADD4-4003-A7C4-89907C26EC72}.ReleaseWin32.ActiveCfg = ReleaseWin32|Win32
		{767F86EF-ADD4-4003-A7C4-89907C26EC72}.ReleaseWin32.Build.0 = ReleaseWin32|Win32
		{767F86EF-ADD4-4003-A7C4-89907C26EC72}.Releasex64.ActiveCfg = Releasex64|Win32
		{767F86EF-ADD4-4003-A7C4-89907C26EC72}.Releasex64.Build.0 = Releasex64|Win32
		{9FD49A08-2D98-4CF1-AEEB-0D42EA382331}.DebugWin32.ActiveCfg = DebugWin32|Win32
		{9FD49A08-2D98-4CF1-AEEB-0D42EA382331}.DebugWin32.Build.0 = DebugWin32|Win32
		{9FD49A08-2D98-4CF1-AEEB-0D42EA382331}.Debugx64.ActiveCfg = Debugx64|Win32
		{9FD49A08-2D98-4CF1-AEEB-0D42EA382331}.Debugx64.Build.0 = Debugx64|Win32
		{9FD49A08-2D98-4CF1-AEEB-0D42EA382331}.ReleaseWin32.ActiveCfg = ReleaseWin32|Win32
		{9FD49A08-2D98-4CF1-AEEB-0D42EA382331}.ReleaseWin32.Build.0 = ReleaseWin32|Win32
		{9FD49A08-2D98-4CF1-AEEB-0D42EA382331}.Releasex64.ActiveCfg = Releasex64|Win32
		{9FD49A08-2D98-4CF1-AEEB-0D42EA382331}.Releasex64.Build.0 = Releasex64|Win32
		{F801DAD7-F08D-48EF-B0DF-6B120377E835}.DebugWin32.ActiveCfg = DebugWin32|Win32
		{F801DAD7-F08D-48EF-B0DF-6B120377E835}.DebugWin32.Build.0 = DebugWin32|Win32
		{F801DAD7-F08D-48EF-B0DF-6B120377E835}.Debugx64.ActiveCfg = Debugx64|Win32
		{F801DAD7-F08D-48EF-B0DF-6B120377E835}.Debugx64.Build.0 = Debugx64|Win32
		{F801DAD7-F08D-48EF-B0DF-6B120377E835}.ReleaseWin32.ActiveCfg = ReleaseWin32|Win32
		{F801DAD7-F08D-48EF-B0DF-6B120377E835}.ReleaseWin32.Build.0 = ReleaseWin32|Win32
		{F801DAD7-F08D-48EF-B0DF-6B120377E835}.Releasex64.ActiveCfg = Releasex64|Win32
		{F801DAD7-F08D-48EF-B0DF-6B120377E835}.Releasex64.Build.0 = Releasex64|Win32
		{2F74AA28-2498-4805-911A-04C39858D529}.DebugWin32.ActiveCfg = DebugWin32|Win32
		{2F74AA28-2498-4805-911A-04C39858D529}.DebugWin32.Build.0 = DebugWin32|Win32
		{2F74AA28-2498-4805-911A-04C39858D529}.Debugx64.ActiveCfg = Debugx64|Win32
		{2F74AA28-2498-4805-911A-04C39858D529}.Debugx64.Build.0 = Debugx64|Win32
		{2F74AA28-2498-4805-911A-04C39858D529}.ReleaseWin32.ActiveCfg = ReleaseWin32|Win32
		{2F74AA28-2498-4805-911A-04C39858D529}.ReleaseWin32.Build.0 = ReleaseWin32|Win32
		{2F74AA28-2498-4805-911A-04C39858D529}.Releasex64.ActiveCfg = Releasex64|Win32
		{2F74AA28-2498-4805-911A-04C39858D529}.Releasex64.Build.0 = Releasex64|Win32
		{B69F80CD-FB15-45E8-B359-92A41CC571A7}.DebugWin32.ActiveCfg = DebugWin32|Win32
		{B69F80CD-FB15-45E8-B359-92A41CC571A7}.DebugWin32.Build.0 = DebugWin32|Win32
		{B69F80CD-FB15-45E8-B359-92A41CC571A7}.Debugx64.ActiveCfg = Debugx64|Win32
		{B69F80CD-FB15-45E8-B359-92A41CC571A7}.Debugx64.Build.0 = Debugx64|Win32
		{B69F80CD-FB15-45E8-B359-92A41CC571A7}.ReleaseWin32.ActiveCfg = ReleaseWin32|Win32
		{B69F80CD-FB15-45E8-B359-92A41CC571A7}.ReleaseWin32.Build.0 = ReleaseWin32|Win32
		{B69F80CD-FB15-45E8-B359-92A41CC571A7}.Releasex64.ActiveCfg = Releasex64|Win32
		{B69F80CD-FB15-45E8-B359-92A41CC571A7}.Releasex64.Build.0 = Releasex64|Win32
		{4D17C24E-FBE5-4872-9CB5-817089282EC5}.DebugWin32.ActiveCfg = DebugWin32|Win32
		{4D17C24E-FBE5-4872-9CB5-817089282EC5}.DebugWin32.Build.0 = DebugWin32|Win32
		{4D17C24E-FBE5-4872-9CB5-817089282EC5}.Debugx64.ActiveCfg = Debugx64|Win32
		{4D17C24E-FBE5-4872-9CB5-817089282EC5}.Debugx64.Build.0 = Debugx64|Win32
		{4D17C24E-FBE5-4872-9CB5-817089282EC5}.ReleaseWin32.ActiveCfg = ReleaseWin32|Win32
		{4D17C24E-FBE5-4872-9CB5-817089282EC5}.ReleaseWin32.Build.0 = ReleaseWin32|Win32
		{4D17C24E-FBE5-4872-9CB5-817089282EC5}.Releasex64.ActiveCfg = Releasex64|Win32
		{4D17C24E-FBE5-4872-9CB5-817089282EC5}.Releasex64.Build.0 = Releasex64|Win32
		{CAA6FCC8-27B1-42B9-B647-976E7BE79C70}.DebugWin32.ActiveCfg = DebugWin32|Win32
		{CAA6FCC8-27B1-42B9-B647-976E7BE79C70}.DebugWin32.Build.0 = DebugWin32|Win32
		{CAA6FCC8-27B1-42B9-B647-976E7BE79C70}.Debugx64.ActiveCfg = Debugx64|Win32
		{CAA6FCC8-27B1-42B9-B647-976E7BE79C70}.Debugx64.Build.0 = Debugx64|Win32
		{CAA6FCC8-27B1-42B9-B647-976E7BE79C70}.ReleaseWin32.ActiveCfg = ReleaseWin32|Win32
		{CAA6FCC8-27B1-42B9-B647-976E7BE79C70}.ReleaseWin32.Build.0 = ReleaseWin32|Win32
		{CAA6FCC8-27B1-42B9-B647-976E7BE79C70}.Releasex64.ActiveCfg = Releasex64|Win32
		{CAA6FCC8-27B1-42B9-B647-976E7BE79C70}.Releasex64.Build.0 = Releasex64|Win32
		{9CFCA9C0-5F08-40F6-947B-63661B91A95A}.DebugWin32.ActiveCfg = DebugWin32|Win32
		{9CFCA9C0-5F08-40F6-947B-63661B91A95A}.Debugx64.ActiveCfg = Debugx64|Win32
		{9CFCA9C0-5F08-40F6-947B-63661B91A95A}.ReleaseWin32.ActiveCfg = ReleaseWin32|Win32
		{9CFCA9C0-5F08-40F6-947B-63661B91A95A}.Releasex64.ActiveCfg = Releasex64|Win32
		{2EFD2DB3-DC1D-4D81-9488-EAFBBB87471D}.DebugWin32.ActiveCfg = DebugWin32|Win32
		{2EFD2DB3-DC1D-4D81-9488-EAFBBB87471D}.DebugWin32.Build.0 = DebugWin32|Win32
		{2EFD2DB3-DC1D-4D81-9488-EAFBBB87471D}.Debugx64.ActiveCfg = Debugx64|Win32
		{2EFD2DB3-DC1D-4D81-9488-EAFBBB87471D}.Debugx64.Build.0 = Debugx64|Win32
		{2EFD2DB3-DC1D-4D81-9488-EAFBBB87471D}.ReleaseWin32.ActiveCfg = ReleaseWin32|Win32
		{2EFD2DB3-DC1D-4D81-9488-EAFBBB87471D}.ReleaseWin32.Build.0 = ReleaseWin32|Win32
		{2EFD2DB3-DC1D-4D81-9488-EAFBBB87471D}.Releasex64.ActiveCfg = Releasex64|Win32
		{2EFD2DB3-DC1D-4D81-9488-EAFBBB87471D}.Releasex64.Build.0 = Releasex64|Win32
	EndGlobalSection
	GlobalSection(ExtensibilityGlobals) = postSolution
	EndGlobalSection
	GlobalSection(ExtensibilityAddIns) = postSolution
	EndGlobalSection
	GlobalSection(DPCodeReviewSolutionGUID) = preSolution
		DPCodeReviewSolutionGUID = {00000000-0000-0000-0000-000000000000}
	EndGlobalSection
EndGlobal
