<?xml version="1.0" encoding="utf-8"?>
<Project ToolsVersion="4.0" xmlns="http://schemas.microsoft.com/developer/msbuild/2003">
  <ItemGroup>
    <Filter Include="Source Files">
      <UniqueIdentifier>{8721ef6f-c596-4305-b2fa-2c078b3c2559}</UniqueIdentifier>
      <Extensions>cpp;c;cxx;rc;def;r;odl;idl;hpj;bat</Extensions>
    </Filter>
    <Filter Include="Source Files\Controls">
      <UniqueIdentifier>{c8f957f4-6586-4763-8d34-90e8f68f7dd9}</UniqueIdentifier>
    </Filter>
    <Filter Include="Source Files\Dialogs">
      <UniqueIdentifier>{5c4473fe-8fb3-4a9d-b616-4f97da44533c}</UniqueIdentifier>
    </Filter>
    <Filter Include="Source Files\Windows">
      <UniqueIdentifier>{ffb2e51d-55da-4afa-bf14-d7e1b0f8a07e}</UniqueIdentifier>
    </Filter>
    <Filter Include="Source Files\Wizard">
      <UniqueIdentifier>{15972bfb-67fb-4911-94ad-9c906f89b923}</UniqueIdentifier>
    </Filter>
    <Filter Include="Source Files\Hash algorithms">
      <UniqueIdentifier>{f193bbb0-3535-47fb-b31a-60444cbf0efa}</UniqueIdentifier>
    </Filter>
    <Filter Include="Source Files\Hash algorithms\Policies">
      <UniqueIdentifier>{57dd406f-e43e-4964-b3db-a4c6c7ac83bb}</UniqueIdentifier>
    </Filter>
    <Filter Include="Source Files\Pages">
      <UniqueIdentifier>{eef40a62-97ad-4397-812d-d6676f4f8957}</UniqueIdentifier>
    </Filter>
    <Filter Include="Header Files">
      <UniqueIdentifier>{184136d7-562c-4992-a2ac-0733309a5b02}</UniqueIdentifier>
      <Extensions>h;hpp;hxx;hm;inl</Extensions>
    </Filter>
    <Filter Include="Header Files\Controls">
      <UniqueIdentifier>{8eba0bb2-7f12-452e-8ebe-a4b50d5bfc5d}</UniqueIdentifier>
    </Filter>
    <Filter Include="Header Files\Windows">
      <UniqueIdentifier>{91d2879b-ed91-455c-ae31-c6e99812a5d9}</UniqueIdentifier>
    </Filter>
    <Filter Include="Header Files\Dialogs">
      <UniqueIdentifier>{87f648b3-24f3-4dd0-847a-28343568f2e5}</UniqueIdentifier>
    </Filter>
    <Filter Include="Header Files\Wizard">
      <UniqueIdentifier>{69d25881-e8b6-4a98-ab42-9b10bf43b1c7}</UniqueIdentifier>
    </Filter>
    <Filter Include="Header Files\Hash algorithms">
      <UniqueIdentifier>{0b1cc5f0-f531-4410-b3d2-7e361148bb39}</UniqueIdentifier>
    </Filter>
    <Filter Include="Header Files\Hash algorithms\Policies">
      <UniqueIdentifier>{efab8640-b5bc-4525-b8bd-db546210b139}</UniqueIdentifier>
    </Filter>
    <Filter Include="Header Files\Pages">
      <UniqueIdentifier>{4446f770-390d-4296-b4e7-8079cfc6b20a}</UniqueIdentifier>
    </Filter>
    <Filter Include="Header Files\File fragments">
      <UniqueIdentifier>{d3d35c5e-73b0-4907-a204-49e0398bf4d0}</UniqueIdentifier>
    </Filter>
    <Filter Include="Header Files\File fragments\Filefragments">
      <UniqueIdentifier>{c2b4d4f2-f585-4dd5-be71-2f099f2359e9}</UniqueIdentifier>
    </Filter>
    <Filter Include="Resource Files">
      <UniqueIdentifier>{3c7cd365-2af0-47b6-ba8f-e17209bdd2e0}</UniqueIdentifier>
      <Extensions>ico;cur;bmp;dlg;rc2;rct;bin;cnt;rtf;gif;jpg;jpeg;jpe;htm;xml;png</Extensions>
    </Filter>
  </ItemGroup>
  <ItemGroup>
    <ClCompile Include="AlbumFolder.cpp">
      <Filter>Source Files</Filter>
    </ClCompile>
    <ClCompile Include="Application.cpp">
      <Filter>Source Files</Filter>
    </ClCompile>
    <ClCompile Include="AutocompleteEdit.cpp">
      <Filter>Source Files</Filter>
    </ClCompile>
    <ClCompile Include="BENode.cpp">
      <Filter>Source Files</Filter>
    </ClCompile>
    <ClCompile Include="BTClient.cpp">
      <Filter>Source Files</Filter>
    </ClCompile>
    <ClCompile Include="BTClients.cpp">
      <Filter>Source Files</Filter>
    </ClCompile>
    <ClCompile Include="BTInfo.cpp">
      <Filter>Source Files</Filter>
    </ClCompile>
    <ClCompile Include="BTPacket.cpp">
      <Filter>Source Files</Filter>
    </ClCompile>
    <ClCompile Include="BTTrackerRequest.cpp">
      <Filter>Source Files</Filter>
    </ClCompile>
    <ClCompile Include="Buffer.cpp">
      <Filter>Source Files</Filter>
    </ClCompile>
    <ClCompile Include="ChatCore.cpp">
      <Filter>Source Files</Filter>
    </ClCompile>
    <ClCompile Include="ChatSession.cpp">
      <Filter>Source Files</Filter>
    </ClCompile>
    <ClCompile Include="ChatWindows.cpp">
      <Filter>Source Files</Filter>
    </ClCompile>
    <ClCompile Include="CollectionFile.cpp">
      <Filter>Source Files</Filter>
    </ClCompile>
    <ClCompile Include="ComboListCtrl.cpp">
      <Filter>Source Files</Filter>
    </ClCompile>
    <ClCompile Include="ComMenu.cpp">
      <Filter>Source Files</Filter>
    </ClCompile>
    <ClCompile Include="ComObject.cpp">
      <Filter>Source Files</Filter>
    </ClCompile>
    <ClCompile Include="ComToolbar.cpp">
      <Filter>Source Files</Filter>
    </ClCompile>
    <ClCompile Include="Connection.cpp">
      <Filter>Source Files</Filter>
    </ClCompile>
    <ClCompile Include="CoolInterface.cpp">
      <Filter>Source Files</Filter>
    </ClCompile>
    <ClCompile Include="CoolMenu.cpp">
      <Filter>Source Files</Filter>
    </ClCompile>
    <ClCompile Include="CrawlSession.cpp">
      <Filter>Source Files</Filter>
    </ClCompile>
    <ClCompile Include="Datagram.cpp">
      <Filter>Source Files</Filter>
    </ClCompile>
    <ClCompile Include="DatagramPart.cpp">
      <Filter>Source Files</Filter>
    </ClCompile>
    <ClCompile Include="Datagrams.cpp">
      <Filter>Source Files</Filter>
    </ClCompile>
    <ClCompile Include="DDEServer.cpp">
      <Filter>Source Files</Filter>
    </ClCompile>
    <ClCompile Include="DiscoveryServices.cpp">
      <Filter>Source Files</Filter>
    </ClCompile>
    <ClCompile Include="Download.cpp">
      <Filter>Source Files</Filter>
    </ClCompile>
    <ClCompile Include="DownloadBase.cpp">
      <Filter>Source Files</Filter>
    </ClCompile>
    <ClCompile Include="DownloadGroup.cpp">
      <Filter>Source Files</Filter>
    </ClCompile>
    <ClCompile Include="DownloadGroups.cpp">
      <Filter>Source Files</Filter>
    </ClCompile>
    <ClCompile Include="Downloads.cpp">
      <Filter>Source Files</Filter>
    </ClCompile>
    <ClCompile Include="DownloadSource.cpp">
      <Filter>Source Files</Filter>
    </ClCompile>
    <ClCompile Include="DownloadTask.cpp">
      <Filter>Source Files</Filter>
    </ClCompile>
    <ClCompile Include="DownloadTransfer.cpp">
      <Filter>Source Files</Filter>
    </ClCompile>
    <ClCompile Include="DownloadTransferBT.cpp">
      <Filter>Source Files</Filter>
    </ClCompile>
    <ClCompile Include="DownloadTransferED2K.cpp">
      <Filter>Source Files</Filter>
    </ClCompile>
    <ClCompile Include="DownloadTransferFTP.cpp">
      <Filter>Source Files</Filter>
    </ClCompile>
    <ClCompile Include="DownloadTransferHTTP.cpp">
      <Filter>Source Files</Filter>
    </ClCompile>
    <ClCompile Include="DownloadWithExtras.cpp">
      <Filter>Source Files</Filter>
    </ClCompile>
    <ClCompile Include="DownloadWithFile.cpp">
      <Filter>Source Files</Filter>
    </ClCompile>
    <ClCompile Include="DownloadWithSearch.cpp">
      <Filter>Source Files</Filter>
    </ClCompile>
    <ClCompile Include="DownloadWithSources.cpp">
      <Filter>Source Files</Filter>
    </ClCompile>
    <ClCompile Include="DownloadWithTiger.cpp">
      <Filter>Source Files</Filter>
    </ClCompile>
    <ClCompile Include="DownloadWithTorrent.cpp">
      <Filter>Source Files</Filter>
    </ClCompile>
    <ClCompile Include="DownloadWithTransfers.cpp">
      <Filter>Source Files</Filter>
    </ClCompile>
    <ClCompile Include="EDClient.cpp">
      <Filter>Source Files</Filter>
    </ClCompile>
    <ClCompile Include="EDClients.cpp">
      <Filter>Source Files</Filter>
    </ClCompile>
    <ClCompile Include="EDNeighbour.cpp">
      <Filter>Source Files</Filter>
    </ClCompile>
    <ClCompile Include="EDPacket.cpp">
      <Filter>Source Files</Filter>
    </ClCompile>
    <ClCompile Include="EDPartImporter.cpp">
      <Filter>Source Files</Filter>
    </ClCompile>
    <ClCompile Include="Emoticons.cpp">
      <Filter>Source Files</Filter>
    </ClCompile>
    <ClCompile Include="FileExecutor.cpp">
      <Filter>Source Files</Filter>
    </ClCompile>
    <ClCompile Include="Firewall.cpp">
      <Filter>Source Files</Filter>
    </ClCompile>
    <ClCompile Include="Flags.cpp">
      <Filter>Source Files</Filter>
    </ClCompile>
    <ClCompile Include="FontManager.cpp">
      <Filter>Source Files</Filter>
    </ClCompile>
    <ClCompile Include="FragmentBar.cpp">
      <Filter>Source Files</Filter>
    </ClCompile>
    <ClCompile Include="FragmentedFile.cpp">
      <Filter>Source Files</Filter>
    </ClCompile>
    <ClCompile Include="G1Neighbour.cpp">
      <Filter>Source Files</Filter>
    </ClCompile>
    <ClCompile Include="G1Packet.cpp">
      <Filter>Source Files</Filter>
    </ClCompile>
    <ClCompile Include="G2Neighbour.cpp">
      <Filter>Source Files</Filter>
    </ClCompile>
    <ClCompile Include="G2Packet.cpp">
      <Filter>Source Files</Filter>
    </ClCompile>
    <ClCompile Include="GGEP.cpp">
      <Filter>Source Files</Filter>
    </ClCompile>
    <ClCompile Include="GProfile.cpp">
      <Filter>Source Files</Filter>
    </ClCompile>
    <ClCompile Include="GraphBase.cpp">
      <Filter>Source Files</Filter>
    </ClCompile>
    <ClCompile Include="GraphItem.cpp">
      <Filter>Source Files</Filter>
    </ClCompile>
    <ClCompile Include="GraphLine.cpp">
      <Filter>Source Files</Filter>
    </ClCompile>
    <ClCompile Include="Handshake.cpp">
      <Filter>Source Files</Filter>
    </ClCompile>
    <ClCompile Include="Handshakes.cpp">
      <Filter>Source Files</Filter>
    </ClCompile>
    <ClCompile Include="HashDatabase.cpp">
      <Filter>Source Files</Filter>
    </ClCompile>
    <ClCompile Include="HostBrowser.cpp">
      <Filter>Source Files</Filter>
    </ClCompile>
    <ClCompile Include="HostCache.cpp">
      <Filter>Source Files</Filter>
    </ClCompile>
    <ClCompile Include="HttpRequest.cpp">
      <Filter>Source Files</Filter>
    </ClCompile>
    <ClCompile Include="HubHorizon.cpp">
      <Filter>Source Files</Filter>
    </ClCompile>
    <ClCompile Include="IEProtocol.cpp">
      <Filter>Source Files</Filter>
    </ClCompile>
    <ClCompile Include="ImageFile.cpp">
      <Filter>Source Files</Filter>
    </ClCompile>
    <ClCompile Include="ImageServices.cpp">
      <Filter>Source Files</Filter>
    </ClCompile>
    <ClCompile Include="Kademlia.cpp">
      <Filter>Source Files</Filter>
    </ClCompile>
    <ClCompile Include="Library.cpp">
      <Filter>Source Files</Filter>
    </ClCompile>
    <ClCompile Include="LibraryBuilder.cpp">
      <Filter>Source Files</Filter>
    </ClCompile>
    <ClCompile Include="LibraryBuilderInternals.cpp">
      <Filter>Source Files</Filter>
    </ClCompile>
    <ClCompile Include="LibraryBuilderPlugins.cpp">
      <Filter>Source Files</Filter>
    </ClCompile>
    <ClCompile Include="LibraryDictionary.cpp">
      <Filter>Source Files</Filter>
    </ClCompile>
    <ClCompile Include="LibraryFolders.cpp">
      <Filter>Source Files</Filter>
    </ClCompile>
    <ClCompile Include="LibraryHistory.cpp">
      <Filter>Source Files</Filter>
    </ClCompile>
    <ClCompile Include="LibraryList.cpp">
      <Filter>Source Files</Filter>
    </ClCompile>
    <ClCompile Include="LibraryMaps.cpp">
      <Filter>Source Files</Filter>
    </ClCompile>
    <ClCompile Include="LiveList.cpp">
      <Filter>Source Files</Filter>
    </ClCompile>
    <ClCompile Include="LiveListSizer.cpp">
      <Filter>Source Files</Filter>
    </ClCompile>
    <ClCompile Include="LocalSearch.cpp">
      <Filter>Source Files</Filter>
    </ClCompile>
    <ClCompile Include="ManagedSearch.cpp">
      <Filter>Source Files</Filter>
    </ClCompile>
    <ClCompile Include="MatchListView.cpp">
      <Filter>Source Files</Filter>
    </ClCompile>
    <ClCompile Include="MatchObjects.cpp">
      <Filter>Source Files</Filter>
    </ClCompile>
    <ClCompile Include="MetaList.cpp">
      <Filter>Source Files</Filter>
    </ClCompile>
    <ClCompile Include="Neighbour.cpp">
      <Filter>Source Files</Filter>
    </ClCompile>
    <ClCompile Include="Neighbours.cpp">
      <Filter>Source Files</Filter>
    </ClCompile>
    <ClCompile Include="NeighboursBase.cpp">
      <Filter>Source Files</Filter>
    </ClCompile>
    <ClCompile Include="NeighboursWithConnect.cpp">
      <Filter>Source Files</Filter>
    </ClCompile>
    <ClCompile Include="NeighboursWithED2K.cpp">
      <Filter>Source Files</Filter>
    </ClCompile>
    <ClCompile Include="NeighboursWithG1.cpp">
      <Filter>Source Files</Filter>
    </ClCompile>
    <ClCompile Include="NeighboursWithG2.cpp">
      <Filter>Source Files</Filter>
    </ClCompile>
    <ClCompile Include="NeighboursWithRouting.cpp">
      <Filter>Source Files</Filter>
    </ClCompile>
    <ClCompile Include="Network.cpp">
      <Filter>Source Files</Filter>
    </ClCompile>
    <ClCompile Include="Packet.cpp">
      <Filter>Source Files</Filter>
    </ClCompile>
    <ClCompile Include="PacketBuffer.cpp">
      <Filter>Source Files</Filter>
    </ClCompile>
    <ClCompile Include="Plugins.cpp">
      <Filter>Source Files</Filter>
    </ClCompile>
    <ClCompile Include="PongCache.cpp">
      <Filter>Source Files</Filter>
    </ClCompile>
    <ClCompile Include="QueryHashGroup.cpp">
      <Filter>Source Files</Filter>
    </ClCompile>
    <ClCompile Include="QueryHashMaster.cpp">
      <Filter>Source Files</Filter>
    </ClCompile>
    <ClCompile Include="QueryHashTable.cpp">
      <Filter>Source Files</Filter>
    </ClCompile>
    <ClCompile Include="QueryHit.cpp">
      <Filter>Source Files</Filter>
    </ClCompile>
    <ClCompile Include="QueryKeys.cpp">
      <Filter>Source Files</Filter>
    </ClCompile>
    <ClCompile Include="QuerySearch.cpp">
      <Filter>Source Files</Filter>
    </ClCompile>
    <ClCompile Include="Registry.cpp">
      <Filter>Source Files</Filter>
    </ClCompile>
    <ClCompile Include="RelatedSearch.cpp">
      <Filter>Source Files</Filter>
    </ClCompile>
    <ClCompile Include="Remote.cpp">
      <Filter>Source Files</Filter>
    </ClCompile>
    <ClCompile Include="ResultFilters.cpp">
      <Filter>Source Files</Filter>
    </ClCompile>
    <ClCompile Include="RichDocument.cpp">
      <Filter>Source Files</Filter>
    </ClCompile>
    <ClCompile Include="RichElement.cpp">
      <Filter>Source Files</Filter>
    </ClCompile>
    <ClCompile Include="RichFragment.cpp">
      <Filter>Source Files</Filter>
    </ClCompile>
    <ClCompile Include="RichViewCtrl.cpp">
      <Filter>Source Files</Filter>
    </ClCompile>
    <ClCompile Include="RouteCache.cpp">
      <Filter>Source Files</Filter>
    </ClCompile>
    <ClCompile Include="Scheduler.cpp">
      <Filter>Source Files</Filter>
    </ClCompile>
    <ClCompile Include="Schema.cpp">
      <Filter>Source Files</Filter>
    </ClCompile>
    <ClCompile Include="SchemaCache.cpp">
      <Filter>Source Files</Filter>
    </ClCompile>
    <ClCompile Include="SchemaChild.cpp">
      <Filter>Source Files</Filter>
    </ClCompile>
    <ClCompile Include="SchemaMember.cpp">
      <Filter>Source Files</Filter>
    </ClCompile>
    <ClCompile Include="SearchManager.cpp">
      <Filter>Source Files</Filter>
    </ClCompile>
    <ClCompile Include="Security.cpp">
      <Filter>Source Files</Filter>
    </ClCompile>
    <ClCompile Include="Settings.cpp">
      <Filter>Source Files</Filter>
    </ClCompile>
    <ClCompile Include="ShakeNeighbour.cpp">
      <Filter>Source Files</Filter>
    </ClCompile>
    <ClCompile Include="Shareaza.cpp">
      <Filter>Source Files</Filter>
    </ClCompile>
    <ClCompile Include="Shareaza_i.c">
      <Filter>Source Files</Filter>
    </ClCompile>
    <ClCompile Include="ShareazaDataSource.cpp">
      <Filter>Source Files</Filter>
    </ClCompile>
    <ClCompile Include="ShareazaFile.cpp">
      <Filter>Source Files</Filter>
    </ClCompile>
    <ClCompile Include="ShareazaThread.cpp">
      <Filter>Source Files</Filter>
    </ClCompile>
    <ClCompile Include="ShareazaURL.cpp">
      <Filter>Source Files</Filter>
    </ClCompile>
    <ClCompile Include="SharedFile.cpp">
      <Filter>Source Files</Filter>
    </ClCompile>
    <ClCompile Include="SharedFolder.cpp">
      <Filter>Source Files</Filter>
    </ClCompile>
    <ClCompile Include="ShellIcons.cpp">
      <Filter>Source Files</Filter>
    </ClCompile>
    <ClCompile Include="Skin.cpp">
      <Filter>Source Files</Filter>
    </ClCompile>
    <ClCompile Include="SkinWindow.cpp">
      <Filter>Source Files</Filter>
    </ClCompile>
    <ClCompile Include="SQLite.cpp">
      <Filter>Source Files</Filter>
    </ClCompile>
    <ClCompile Include="Statistics.cpp">
      <Filter>Source Files</Filter>
    </ClCompile>
    <ClCompile Include="StdAfx.cpp">
      <Filter>Source Files</Filter>
    </ClCompile>
    <ClCompile Include="ThumbCache.cpp">
      <Filter>Source Files</Filter>
    </ClCompile>
    <ClCompile Include="Transfer.cpp">
      <Filter>Source Files</Filter>
    </ClCompile>
    <ClCompile Include="TransferFile.cpp">
      <Filter>Source Files</Filter>
    </ClCompile>
    <ClCompile Include="Transfers.cpp">
      <Filter>Source Files</Filter>
    </ClCompile>
    <ClCompile Include="UploadFile.cpp">
      <Filter>Source Files</Filter>
    </ClCompile>
    <ClCompile Include="UploadFiles.cpp">
      <Filter>Source Files</Filter>
    </ClCompile>
    <ClCompile Include="UploadQueue.cpp">
      <Filter>Source Files</Filter>
    </ClCompile>
    <ClCompile Include="UploadQueues.cpp">
      <Filter>Source Files</Filter>
    </ClCompile>
    <ClCompile Include="Uploads.cpp">
      <Filter>Source Files</Filter>
    </ClCompile>
    <ClCompile Include="UploadTransfer.cpp">
      <Filter>Source Files</Filter>
    </ClCompile>
    <ClCompile Include="UploadTransferBT.cpp">
      <Filter>Source Files</Filter>
    </ClCompile>
    <ClCompile Include="UploadTransferED2K.cpp">
      <Filter>Source Files</Filter>
    </ClCompile>
    <ClCompile Include="UploadTransferHTTP.cpp">
      <Filter>Source Files</Filter>
    </ClCompile>
    <ClCompile Include="UPnPFinder.cpp">
      <Filter>Source Files</Filter>
    </ClCompile>
    <ClCompile Include="VendorCache.cpp">
      <Filter>Source Files</Filter>
    </ClCompile>
    <ClCompile Include="VersionChecker.cpp">
      <Filter>Source Files</Filter>
    </ClCompile>
    <ClCompile Include="WindowManager.cpp">
      <Filter>Source Files</Filter>
    </ClCompile>
    <ClCompile Include="WorldGPS.cpp">
      <Filter>Source Files</Filter>
    </ClCompile>
    <ClCompile Include="XML.cpp">
      <Filter>Source Files</Filter>
    </ClCompile>
    <ClCompile Include="XMLCOM.cpp">
      <Filter>Source Files</Filter>
    </ClCompile>
    <ClCompile Include="ZIPFile.cpp">
      <Filter>Source Files</Filter>
    </ClCompile>
    <ClCompile Include="CtrlBrowseFrame.cpp">
      <Filter>Source Files\Controls</Filter>
    </ClCompile>
    <ClCompile Include="CtrlBrowseHeader.cpp">
      <Filter>Source Files\Controls</Filter>
    </ClCompile>
    <ClCompile Include="CtrlBrowseProfile.cpp">
      <Filter>Source Files\Controls</Filter>
    </ClCompile>
    <ClCompile Include="CtrlBrowseTree.cpp">
      <Filter>Source Files\Controls</Filter>
    </ClCompile>
    <ClCompile Include="CtrlCoolBar.cpp">
      <Filter>Source Files\Controls</Filter>
    </ClCompile>
    <ClCompile Include="CtrlCoolMenuBar.cpp">
      <Filter>Source Files\Controls</Filter>
    </ClCompile>
    <ClCompile Include="CtrlCoolTip.cpp">
      <Filter>Source Files\Controls</Filter>
    </ClCompile>
    <ClCompile Include="CtrlDownloads.cpp">
      <Filter>Source Files\Controls</Filter>
    </ClCompile>
    <ClCompile Include="CtrlDownloadTabBar.cpp">
      <Filter>Source Files\Controls</Filter>
    </ClCompile>
    <ClCompile Include="CtrlDownloadTip.cpp">
      <Filter>Source Files\Controls</Filter>
    </ClCompile>
    <ClCompile Include="CtrlDragList.cpp">
      <Filter>Source Files\Controls</Filter>
    </ClCompile>
    <ClCompile Include="CtrlFontCombo.cpp">
      <Filter>Source Files\Controls</Filter>
    </ClCompile>
    <ClCompile Include="CtrlHomePanel.cpp">
      <Filter>Source Files\Controls</Filter>
    </ClCompile>
    <ClCompile Include="CtrlHomeSearch.cpp">
      <Filter>Source Files\Controls</Filter>
    </ClCompile>
    <ClCompile Include="CtrlHomeView.cpp">
      <Filter>Source Files\Controls</Filter>
    </ClCompile>
    <ClCompile Include="CtrlIconButton.cpp">
      <Filter>Source Files\Controls</Filter>
    </ClCompile>
    <ClCompile Include="CtrlIRCFrame.cpp">
      <Filter>Source Files\Controls</Filter>
    </ClCompile>
    <ClCompile Include="CtrlIRCPanel.cpp">
      <Filter>Source Files\Controls</Filter>
    </ClCompile>
    <ClCompile Include="CtrlLibraryAlbumView.cpp">
      <Filter>Source Files\Controls</Filter>
    </ClCompile>
    <ClCompile Include="CtrlLibraryCollectionView.cpp">
      <Filter>Source Files\Controls</Filter>
    </ClCompile>
    <ClCompile Include="CtrlLibraryDetailView.cpp">
      <Filter>Source Files\Controls</Filter>
    </ClCompile>
    <ClCompile Include="CtrlLibraryFileView.cpp">
      <Filter>Source Files\Controls</Filter>
    </ClCompile>
    <ClCompile Include="CtrlLibraryFrame.cpp">
      <Filter>Source Files\Controls</Filter>
    </ClCompile>
    <ClCompile Include="CtrlLibraryHeaderBar.cpp">
      <Filter>Source Files\Controls</Filter>
    </ClCompile>
    <ClCompile Include="CtrlLibraryHeaderPanel.cpp">
      <Filter>Source Files\Controls</Filter>
    </ClCompile>
    <ClCompile Include="CtrlLibraryHistoryPanel.cpp">
      <Filter>Source Files\Controls</Filter>
    </ClCompile>
    <ClCompile Include="CtrlLibraryMetaPanel.cpp">
      <Filter>Source Files\Controls</Filter>
    </ClCompile>
    <ClCompile Include="CtrlLibraryThumbView.cpp">
      <Filter>Source Files\Controls</Filter>
    </ClCompile>
    <ClCompile Include="CtrlLibraryTileView.cpp">
      <Filter>Source Files\Controls</Filter>
    </ClCompile>
    <ClCompile Include="CtrlLibraryTip.cpp">
      <Filter>Source Files\Controls</Filter>
    </ClCompile>
    <ClCompile Include="CtrlLibraryTreeView.cpp">
      <Filter>Source Files\Controls</Filter>
    </ClCompile>
    <ClCompile Include="CtrlLibraryView.cpp">
      <Filter>Source Files\Controls</Filter>
    </ClCompile>
    <ClCompile Include="CtrlMainTabBar.cpp">
      <Filter>Source Files\Controls</Filter>
    </ClCompile>
    <ClCompile Include="CtrlMatch.cpp">
      <Filter>Source Files\Controls</Filter>
    </ClCompile>
    <ClCompile Include="CtrlMatchTip.cpp">
      <Filter>Source Files\Controls</Filter>
    </ClCompile>
    <ClCompile Include="CtrlMediaFrame.cpp">
      <Filter>Source Files\Controls</Filter>
    </ClCompile>
    <ClCompile Include="CtrlMediaList.cpp">
      <Filter>Source Files\Controls</Filter>
    </ClCompile>
    <ClCompile Include="CtrlMonitorBar.cpp">
      <Filter>Source Files\Controls</Filter>
    </ClCompile>
    <ClCompile Include="CtrlNeighbourTip.cpp">
      <Filter>Source Files\Controls</Filter>
    </ClCompile>
    <ClCompile Include="CtrlPanel.cpp">
      <Filter>Source Files\Controls</Filter>
    </ClCompile>
    <ClCompile Include="CtrlRichTaskBox.cpp">
      <Filter>Source Files\Controls</Filter>
    </ClCompile>
    <ClCompile Include="CtrlSchema.cpp">
      <Filter>Source Files\Controls</Filter>
    </ClCompile>
    <ClCompile Include="CtrlSchemaCombo.cpp">
      <Filter>Source Files\Controls</Filter>
    </ClCompile>
    <ClCompile Include="CtrlSearchDetailPanel.cpp">
      <Filter>Source Files\Controls</Filter>
    </ClCompile>
    <ClCompile Include="CtrlSearchPanel.cpp">
      <Filter>Source Files\Controls</Filter>
    </ClCompile>
    <ClCompile Include="CtrlSharedFolder.cpp">
      <Filter>Source Files\Controls</Filter>
    </ClCompile>
    <ClCompile Include="CtrlTaskPanel.cpp">
      <Filter>Source Files\Controls</Filter>
    </ClCompile>
    <ClCompile Include="CtrlText.cpp">
      <Filter>Source Files\Controls</Filter>
    </ClCompile>
    <ClCompile Include="CtrlTipAlbum.cpp">
      <Filter>Source Files\Controls</Filter>
    </ClCompile>
    <ClCompile Include="CtrlTipFolder.cpp">
      <Filter>Source Files\Controls</Filter>
    </ClCompile>
    <ClCompile Include="CtrlTipList.cpp">
      <Filter>Source Files\Controls</Filter>
    </ClCompile>
    <ClCompile Include="CtrlUploads.cpp">
      <Filter>Source Files\Controls</Filter>
    </ClCompile>
    <ClCompile Include="CtrlUploadTip.cpp">
      <Filter>Source Files\Controls</Filter>
    </ClCompile>
    <ClCompile Include="CtrlWeb.cpp">
      <Filter>Source Files\Controls</Filter>
    </ClCompile>
    <ClCompile Include="CtrlWizard.cpp">
      <Filter>Source Files\Controls</Filter>
    </ClCompile>
    <ClCompile Include="CtrlWndTabBar.cpp">
      <Filter>Source Files\Controls</Filter>
    </ClCompile>
    <ClCompile Include="DlgAbout.cpp">
      <Filter>Source Files\Dialogs</Filter>
    </ClCompile>
    <ClCompile Include="DlgCloseMode.cpp">
      <Filter>Source Files\Dialogs</Filter>
    </ClCompile>
    <ClCompile Include="DlgCollectionExport.cpp">
      <Filter>Source Files\Dialogs</Filter>
    </ClCompile>
    <ClCompile Include="DlgConnectTo.cpp">
      <Filter>Source Files\Dialogs</Filter>
    </ClCompile>
    <ClCompile Include="DlgDecodeMetadata.cpp">
      <Filter>Source Files\Dialogs</Filter>
    </ClCompile>
    <ClCompile Include="DlgDeleteFile.cpp">
      <Filter>Source Files\Dialogs</Filter>
    </ClCompile>
    <ClCompile Include="DlgDiscoveryService.cpp">
      <Filter>Source Files\Dialogs</Filter>
    </ClCompile>
    <ClCompile Include="DlgDonkeyImport.cpp">
      <Filter>Source Files\Dialogs</Filter>
    </ClCompile>
    <ClCompile Include="DlgDonkeyServers.cpp">
      <Filter>Source Files\Dialogs</Filter>
    </ClCompile>
    <ClCompile Include="DlgDownload.cpp">
      <Filter>Source Files\Dialogs</Filter>
    </ClCompile>
    <ClCompile Include="DlgDownloadGroup.cpp">
      <Filter>Source Files\Dialogs</Filter>
    </ClCompile>
    <ClCompile Include="DlgDownloadMonitor.cpp">
      <Filter>Source Files\Dialogs</Filter>
    </ClCompile>
    <ClCompile Include="DlgDownloadReviews.cpp">
      <Filter>Source Files\Dialogs</Filter>
    </ClCompile>
    <ClCompile Include="DlgDownloadSheet.cpp">
      <Filter>Source Files\Dialogs</Filter>
    </ClCompile>
    <ClCompile Include="DlgExistingFile.cpp">
      <Filter>Source Files\Dialogs</Filter>
    </ClCompile>
    <ClCompile Include="DlgFileCopy.cpp">
      <Filter>Source Files\Dialogs</Filter>
    </ClCompile>
    <ClCompile Include="DlgFilePreview.cpp">
      <Filter>Source Files\Dialogs</Filter>
    </ClCompile>
    <ClCompile Include="DlgFilePropertiesPage.cpp">
      <Filter>Source Files\Dialogs</Filter>
    </ClCompile>
    <ClCompile Include="DlgFilePropertiesSheet.cpp">
      <Filter>Source Files\Dialogs</Filter>
    </ClCompile>
    <ClCompile Include="DlgFilterSearch.cpp">
      <Filter>Source Files\Dialogs</Filter>
    </ClCompile>
    <ClCompile Include="DlgFolderProperties.cpp">
      <Filter>Source Files\Dialogs</Filter>
    </ClCompile>
    <ClCompile Include="DlgFolderScan.cpp">
      <Filter>Source Files\Dialogs</Filter>
    </ClCompile>
    <ClCompile Include="DlgGraphItem.cpp">
      <Filter>Source Files\Dialogs</Filter>
    </ClCompile>
    <ClCompile Include="DlgGraphList.cpp">
      <Filter>Source Files\Dialogs</Filter>
    </ClCompile>
    <ClCompile Include="DlgHelp.cpp">
      <Filter>Source Files\Dialogs</Filter>
    </ClCompile>
    <ClCompile Include="DlgHitColumns.cpp">
      <Filter>Source Files\Dialogs</Filter>
    </ClCompile>
    <ClCompile Include="DlgIrcInput.cpp">
      <Filter>Source Files\Dialogs</Filter>
    </ClCompile>
    <ClCompile Include="DlgLanguage.cpp">
      <Filter>Source Files\Dialogs</Filter>
    </ClCompile>
    <ClCompile Include="DlgMediaVis.cpp">
      <Filter>Source Files\Dialogs</Filter>
    </ClCompile>
    <ClCompile Include="DlgMessage.cpp">
      <Filter>Source Files\Dialogs</Filter>
    </ClCompile>
    <ClCompile Include="DlgNewSearch.cpp">
      <Filter>Source Files\Dialogs</Filter>
    </ClCompile>
    <ClCompile Include="DlgPluginExtSetup.cpp">
      <Filter>Source Files\Dialogs</Filter>
    </ClCompile>
    <ClCompile Include="DlgProfileManager.cpp">
      <Filter>Source Files\Dialogs</Filter>
    </ClCompile>
    <ClCompile Include="DlgProgressBar.cpp">
      <Filter>Source Files\Dialogs</Filter>
    </ClCompile>
    <ClCompile Include="DlgPromote.cpp">
      <Filter>Source Files\Dialogs</Filter>
    </ClCompile>
    <ClCompile Include="DlgQueueProperties.cpp">
      <Filter>Source Files\Dialogs</Filter>
    </ClCompile>
    <ClCompile Include="DlgSaveFilterAs.cpp">
      <Filter>Source Files\Dialogs</Filter>
    </ClCompile>
    <ClCompile Include="DlgScheduleTask.cpp">
      <Filter>Source Files\Dialogs</Filter>
    </ClCompile>
    <ClCompile Include="DlgSecureRule.cpp">
      <Filter>Source Files\Dialogs</Filter>
    </ClCompile>
    <ClCompile Include="DlgSelect.cpp">
      <Filter>Source Files\Dialogs</Filter>
    </ClCompile>
    <ClCompile Include="DlgSettingsManager.cpp">
      <Filter>Source Files\Dialogs</Filter>
    </ClCompile>
    <ClCompile Include="DlgShareManager.cpp">
      <Filter>Source Files\Dialogs</Filter>
    </ClCompile>
    <ClCompile Include="DlgSkinDialog.cpp">
      <Filter>Source Files\Dialogs</Filter>
    </ClCompile>
    <ClCompile Include="DlgSplash.cpp">
      <Filter>Source Files\Dialogs</Filter>
    </ClCompile>
    <ClCompile Include="DlgTorrentSeed.cpp">
      <Filter>Source Files\Dialogs</Filter>
    </ClCompile>
    <ClCompile Include="DlgUpgrade.cpp">
      <Filter>Source Files\Dialogs</Filter>
    </ClCompile>
    <ClCompile Include="DlgURLAction.cpp">
      <Filter>Source Files\Dialogs</Filter>
    </ClCompile>
    <ClCompile Include="DlgURLCopy.cpp">
      <Filter>Source Files\Dialogs</Filter>
    </ClCompile>
    <ClCompile Include="DlgURLExport.cpp">
      <Filter>Source Files\Dialogs</Filter>
    </ClCompile>
    <ClCompile Include="DlgWarnings.cpp">
      <Filter>Source Files\Dialogs</Filter>
    </ClCompile>
    <ClCompile Include="WndBaseMatch.cpp">
      <Filter>Source Files\Windows</Filter>
    </ClCompile>
    <ClCompile Include="WndBrowseHost.cpp">
      <Filter>Source Files\Windows</Filter>
    </ClCompile>
    <ClCompile Include="WndChat.cpp">
      <Filter>Source Files\Windows</Filter>
    </ClCompile>
    <ClCompile Include="WndChild.cpp">
      <Filter>Source Files\Windows</Filter>
    </ClCompile>
    <ClCompile Include="WndDiscovery.cpp">
      <Filter>Source Files\Windows</Filter>
    </ClCompile>
    <ClCompile Include="WndDownloads.cpp">
      <Filter>Source Files\Windows</Filter>
    </ClCompile>
    <ClCompile Include="WndHashProgressBar.cpp">
      <Filter>Source Files\Windows</Filter>
    </ClCompile>
    <ClCompile Include="WndHitMonitor.cpp">
      <Filter>Source Files\Windows</Filter>
    </ClCompile>
    <ClCompile Include="WndHome.cpp">
      <Filter>Source Files\Windows</Filter>
    </ClCompile>
    <ClCompile Include="WndHostCache.cpp">
      <Filter>Source Files\Windows</Filter>
    </ClCompile>
    <ClCompile Include="WndIRC.cpp">
      <Filter>Source Files\Windows</Filter>
    </ClCompile>
    <ClCompile Include="WndLibrary.cpp">
      <Filter>Source Files\Windows</Filter>
    </ClCompile>
    <ClCompile Include="WndMain.cpp">
      <Filter>Source Files\Windows</Filter>
    </ClCompile>
    <ClCompile Include="WndMedia.cpp">
      <Filter>Source Files\Windows</Filter>
    </ClCompile>
    <ClCompile Include="WndMonitor.cpp">
      <Filter>Source Files\Windows</Filter>
    </ClCompile>
    <ClCompile Include="WndNeighbours.cpp">
      <Filter>Source Files\Windows</Filter>
    </ClCompile>
    <ClCompile Include="WndPacket.cpp">
      <Filter>Source Files\Windows</Filter>
    </ClCompile>
    <ClCompile Include="WndPanel.cpp">
      <Filter>Source Files\Windows</Filter>
    </ClCompile>
    <ClCompile Include="WndPlugin.cpp">
      <Filter>Source Files\Windows</Filter>
    </ClCompile>
    <ClCompile Include="WndScheduler.cpp">
      <Filter>Source Files\Windows</Filter>
    </ClCompile>
    <ClCompile Include="WndSearch.cpp">
      <Filter>Source Files\Windows</Filter>
    </ClCompile>
    <ClCompile Include="WndSearchMonitor.cpp">
      <Filter>Source Files\Windows</Filter>
    </ClCompile>
    <ClCompile Include="WndSecurity.cpp">
      <Filter>Source Files\Windows</Filter>
    </ClCompile>
    <ClCompile Include="WndSettingsPage.cpp">
      <Filter>Source Files\Windows</Filter>
    </ClCompile>
    <ClCompile Include="WndSettingsSheet.cpp">
      <Filter>Source Files\Windows</Filter>
    </ClCompile>
    <ClCompile Include="WndSystem.cpp">
      <Filter>Source Files\Windows</Filter>
    </ClCompile>
    <ClCompile Include="WndTraffic.cpp">
      <Filter>Source Files\Windows</Filter>
    </ClCompile>
    <ClCompile Include="WndUploads.cpp">
      <Filter>Source Files\Windows</Filter>
    </ClCompile>
    <ClCompile Include="WizardConnectionPage.cpp">
      <Filter>Source Files\Wizard</Filter>
    </ClCompile>
    <ClCompile Include="WizardFinishedPage.cpp">
      <Filter>Source Files\Wizard</Filter>
    </ClCompile>
    <ClCompile Include="WizardInterfacePage.cpp">
      <Filter>Source Files\Wizard</Filter>
    </ClCompile>
    <ClCompile Include="WizardNetworksPage.cpp">
      <Filter>Source Files\Wizard</Filter>
    </ClCompile>
    <ClCompile Include="WizardProfilePage.cpp">
      <Filter>Source Files\Wizard</Filter>
    </ClCompile>
    <ClCompile Include="WizardSharePage.cpp">
      <Filter>Source Files\Wizard</Filter>
    </ClCompile>
    <ClCompile Include="WizardSheet.cpp">
      <Filter>Source Files\Wizard</Filter>
    </ClCompile>
    <ClCompile Include="WizardWelcomePage.cpp">
      <Filter>Source Files\Wizard</Filter>
    </ClCompile>
    <ClCompile Include="Hashes\HashDescriptors.cpp">
      <Filter>Source Files\Hash algorithms\Policies</Filter>
    </ClCompile>
    <ClCompile Include="Hashes\HashStringConversion.cpp">
      <Filter>Source Files\Hash algorithms\Policies</Filter>
    </ClCompile>
    <ClCompile Include="PageDownloadActions.cpp">
      <Filter>Source Files\Pages</Filter>
    </ClCompile>
    <ClCompile Include="PageDownloadEdit.cpp">
      <Filter>Source Files\Pages</Filter>
    </ClCompile>
    <ClCompile Include="PageFileComments.cpp">
      <Filter>Source Files\Pages</Filter>
    </ClCompile>
    <ClCompile Include="PageFileGeneral.cpp">
      <Filter>Source Files\Pages</Filter>
    </ClCompile>
    <ClCompile Include="PageFileMetadata.cpp">
      <Filter>Source Files\Pages</Filter>
    </ClCompile>
    <ClCompile Include="PageFileSharing.cpp">
      <Filter>Source Files\Pages</Filter>
    </ClCompile>
    <ClCompile Include="PageFileSources.cpp">
      <Filter>Source Files\Pages</Filter>
    </ClCompile>
    <ClCompile Include="PageProfileAvatar.cpp">
      <Filter>Source Files\Pages</Filter>
    </ClCompile>
    <ClCompile Include="PageProfileBio.cpp">
      <Filter>Source Files\Pages</Filter>
    </ClCompile>
    <ClCompile Include="PageProfileCertificate.cpp">
      <Filter>Source Files\Pages</Filter>
    </ClCompile>
    <ClCompile Include="PageProfileContact.cpp">
      <Filter>Source Files\Pages</Filter>
    </ClCompile>
    <ClCompile Include="PageProfileFavourites.cpp">
      <Filter>Source Files\Pages</Filter>
    </ClCompile>
    <ClCompile Include="PageProfileFiles.cpp">
      <Filter>Source Files\Pages</Filter>
    </ClCompile>
    <ClCompile Include="PageProfileIdentity.cpp">
      <Filter>Source Files\Pages</Filter>
    </ClCompile>
    <ClCompile Include="PageProfileProfile.cpp">
      <Filter>Source Files\Pages</Filter>
    </ClCompile>
    <ClCompile Include="PagePropertyAdv.cpp">
      <Filter>Source Files\Pages</Filter>
    </ClCompile>
    <ClCompile Include="PageSettingsBitTorrent.cpp">
      <Filter>Source Files\Pages</Filter>
    </ClCompile>
    <ClCompile Include="PageSettingsCommunity.cpp">
      <Filter>Source Files\Pages</Filter>
    </ClCompile>
    <ClCompile Include="PageSettingsConnection.cpp">
      <Filter>Source Files\Pages</Filter>
    </ClCompile>
    <ClCompile Include="PageSettingsDonkey.cpp">
      <Filter>Source Files\Pages</Filter>
    </ClCompile>
    <ClCompile Include="PageSettingsDownloads.cpp">
      <Filter>Source Files\Pages</Filter>
    </ClCompile>
    <ClCompile Include="PageSettingsGeneral.cpp">
      <Filter>Source Files\Pages</Filter>
    </ClCompile>
    <ClCompile Include="PageSettingsGnutella.cpp">
      <Filter>Source Files\Pages</Filter>
    </ClCompile>
    <ClCompile Include="PageSettingsIRC.cpp">
      <Filter>Source Files\Pages</Filter>
    </ClCompile>
    <ClCompile Include="PageSettingsLibrary.cpp">
      <Filter>Source Files\Pages</Filter>
    </ClCompile>
    <ClCompile Include="PageSettingsMedia.cpp">
      <Filter>Source Files\Pages</Filter>
    </ClCompile>
    <ClCompile Include="PageSettingsNetworks.cpp">
      <Filter>Source Files\Pages</Filter>
    </ClCompile>
    <ClCompile Include="PageSettingsPlugins.cpp">
      <Filter>Source Files\Pages</Filter>
    </ClCompile>
    <ClCompile Include="PageSettingsRemote.cpp">
      <Filter>Source Files\Pages</Filter>
    </ClCompile>
    <ClCompile Include="PageSettingsRich.cpp">
      <Filter>Source Files\Pages</Filter>
    </ClCompile>
    <ClCompile Include="PageSettingsSkins.cpp">
      <Filter>Source Files\Pages</Filter>
    </ClCompile>
    <ClCompile Include="PageSettingsAdvanced.cpp">
      <Filter>Source Files\Pages</Filter>
    </ClCompile>
    <ClCompile Include="PageSettingsUploads.cpp">
      <Filter>Source Files\Pages</Filter>
    </ClCompile>
    <ClCompile Include="PageSettingsWeb.cpp">
      <Filter>Source Files\Pages</Filter>
    </ClCompile>
    <ClCompile Include="PageTorrentFiles.cpp">
      <Filter>Source Files\Pages</Filter>
    </ClCompile>
    <ClCompile Include="PageTorrentGeneral.cpp">
      <Filter>Source Files\Pages</Filter>
    </ClCompile>
    <ClCompile Include="PageTorrentTrackers.cpp">
      <Filter>Source Files\Pages</Filter>
    </ClCompile>
    <ClCompile Include="DCClient.cpp">
      <Filter>Source Files</Filter>
    </ClCompile>
    <ClCompile Include="DCClients.cpp">
      <Filter>Source Files</Filter>
    </ClCompile>
    <ClCompile Include="DCNeighbour.cpp">
      <Filter>Source Files</Filter>
    </ClCompile>
    <ClCompile Include="DCPacket.cpp">
      <Filter>Source Files</Filter>
    </ClCompile>
    <ClCompile Include="Strings.cpp">
      <Filter>Source Files</Filter>
    </ClCompile>
    <ClCompile Include="DownloadTransferDC.cpp">
      <Filter>Source Files</Filter>
    </ClCompile>
    <ClCompile Include="UploadTransferDC.cpp">
      <Filter>Source Files</Filter>
    </ClCompile>
    <ClCompile Include="WndPrivateChat.cpp">
      <Filter>Source Files\Windows</Filter>
    </ClCompile>
    <ClCompile Include="SecureRule.cpp">
      <Filter>Source Files</Filter>
    </ClCompile>
    <ClCompile Include="AntiVirus.cpp">
      <Filter>Source Files</Filter>
    </ClCompile>
    <ClCompile Include="DlgHex.cpp">
      <Filter>Source Files\Dialogs</Filter>
    </ClCompile>
    <ClCompile Include="UPnPNAT.cpp">
      <Filter>Source Files</Filter>
    </ClCompile>
    <ClCompile Include="MiniUPnP.cpp">
      <Filter>Source Files</Filter>
    </ClCompile>
    <ClCompile Include="ZLibWarp.cpp">
      <Filter>Source Files</Filter>
    </ClCompile>
  </ItemGroup>
  <ItemGroup>
    <Midl Include="Shareaza.idl">
      <Filter>Source Files</Filter>
    </Midl>
  </ItemGroup>
  <ItemGroup>
    <ResourceCompile Include="Shareaza.rc">
      <Filter>Source Files</Filter>
    </ResourceCompile>
  </ItemGroup>
  <ItemGroup>
    <ClInclude Include="AlbumFolder.h">
      <Filter>Header Files</Filter>
    </ClInclude>
    <ClInclude Include="Application.h">
      <Filter>Header Files</Filter>
    </ClInclude>
    <ClInclude Include="AutocompleteEdit.h">
      <Filter>Header Files</Filter>
    </ClInclude>
    <ClInclude Include="BENode.h">
      <Filter>Header Files</Filter>
    </ClInclude>
    <ClInclude Include="BTClient.h">
      <Filter>Header Files</Filter>
    </ClInclude>
    <ClInclude Include="BTClients.h">
      <Filter>Header Files</Filter>
    </ClInclude>
    <ClInclude Include="BTInfo.h">
      <Filter>Header Files</Filter>
    </ClInclude>
    <ClInclude Include="BTPacket.h">
      <Filter>Header Files</Filter>
    </ClInclude>
    <ClInclude Include="BTTrackerRequest.h">
      <Filter>Header Files</Filter>
    </ClInclude>
    <ClInclude Include="Buffer.h">
      <Filter>Header Files</Filter>
    </ClInclude>
    <ClInclude Include="ChatCore.h">
      <Filter>Header Files</Filter>
    </ClInclude>
    <ClInclude Include="ChatSession.h">
      <Filter>Header Files</Filter>
    </ClInclude>
    <ClInclude Include="ChatWindows.h">
      <Filter>Header Files</Filter>
    </ClInclude>
    <ClInclude Include="CollectionFile.h">
      <Filter>Header Files</Filter>
    </ClInclude>
    <ClInclude Include="ComboListCtrl.h">
      <Filter>Header Files</Filter>
    </ClInclude>
    <ClInclude Include="ComMenu.h">
      <Filter>Header Files</Filter>
    </ClInclude>
    <ClInclude Include="ComObject.h">
      <Filter>Header Files</Filter>
    </ClInclude>
    <ClInclude Include="ComToolbar.h">
      <Filter>Header Files</Filter>
    </ClInclude>
    <ClInclude Include="Connection.h">
      <Filter>Header Files</Filter>
    </ClInclude>
    <ClInclude Include="CoolInterface.h">
      <Filter>Header Files</Filter>
    </ClInclude>
    <ClInclude Include="CoolMenu.h">
      <Filter>Header Files</Filter>
    </ClInclude>
    <ClInclude Include="CrawlSession.h">
      <Filter>Header Files</Filter>
    </ClInclude>
    <ClInclude Include="Datagram.h">
      <Filter>Header Files</Filter>
    </ClInclude>
    <ClInclude Include="DatagramPart.h">
      <Filter>Header Files</Filter>
    </ClInclude>
    <ClInclude Include="Datagrams.h">
      <Filter>Header Files</Filter>
    </ClInclude>
    <ClInclude Include="DDEServer.h">
      <Filter>Header Files</Filter>
    </ClInclude>
    <ClInclude Include="DiscoveryServices.h">
      <Filter>Header Files</Filter>
    </ClInclude>
    <ClInclude Include="Download.h">
      <Filter>Header Files</Filter>
    </ClInclude>
    <ClInclude Include="DownloadBase.h">
      <Filter>Header Files</Filter>
    </ClInclude>
    <ClInclude Include="DownloadGroup.h">
      <Filter>Header Files</Filter>
    </ClInclude>
    <ClInclude Include="DownloadGroups.h">
      <Filter>Header Files</Filter>
    </ClInclude>
    <ClInclude Include="Downloads.h">
      <Filter>Header Files</Filter>
    </ClInclude>
    <ClInclude Include="DownloadSource.h">
      <Filter>Header Files</Filter>
    </ClInclude>
    <ClInclude Include="DownloadTask.h">
      <Filter>Header Files</Filter>
    </ClInclude>
    <ClInclude Include="DownloadTransfer.h">
      <Filter>Header Files</Filter>
    </ClInclude>
    <ClInclude Include="DownloadTransferBT.h">
      <Filter>Header Files</Filter>
    </ClInclude>
    <ClInclude Include="DownloadTransferED2K.h">
      <Filter>Header Files</Filter>
    </ClInclude>
    <ClInclude Include="DownloadTransferFTP.h">
      <Filter>Header Files</Filter>
    </ClInclude>
    <ClInclude Include="DownloadTransferHTTP.h">
      <Filter>Header Files</Filter>
    </ClInclude>
    <ClInclude Include="DownloadWithExtras.h">
      <Filter>Header Files</Filter>
    </ClInclude>
    <ClInclude Include="DownloadWithFile.h">
      <Filter>Header Files</Filter>
    </ClInclude>
    <ClInclude Include="DownloadWithSearch.h">
      <Filter>Header Files</Filter>
    </ClInclude>
    <ClInclude Include="DownloadWithSources.h">
      <Filter>Header Files</Filter>
    </ClInclude>
    <ClInclude Include="DownloadWithTiger.h">
      <Filter>Header Files</Filter>
    </ClInclude>
    <ClInclude Include="DownloadWithTorrent.h">
      <Filter>Header Files</Filter>
    </ClInclude>
    <ClInclude Include="DownloadWithTransfers.h">
      <Filter>Header Files</Filter>
    </ClInclude>
    <ClInclude Include="EDClient.h">
      <Filter>Header Files</Filter>
    </ClInclude>
    <ClInclude Include="EDClients.h">
      <Filter>Header Files</Filter>
    </ClInclude>
    <ClInclude Include="EDNeighbour.h">
      <Filter>Header Files</Filter>
    </ClInclude>
    <ClInclude Include="EDPacket.h">
      <Filter>Header Files</Filter>
    </ClInclude>
    <ClInclude Include="EDPartImporter.h">
      <Filter>Header Files</Filter>
    </ClInclude>
    <ClInclude Include="Emoticons.h">
      <Filter>Header Files</Filter>
    </ClInclude>
    <ClInclude Include="FileExecutor.h">
      <Filter>Header Files</Filter>
    </ClInclude>
    <ClInclude Include="Firewall.h">
      <Filter>Header Files</Filter>
    </ClInclude>
    <ClInclude Include="Flags.h">
      <Filter>Header Files</Filter>
    </ClInclude>
    <ClInclude Include="FontManager.h">
      <Filter>Header Files</Filter>
    </ClInclude>
    <ClInclude Include="FragmentBar.h">
      <Filter>Header Files</Filter>
    </ClInclude>
    <ClInclude Include="FragmentedFile.h">
      <Filter>Header Files</Filter>
    </ClInclude>
    <ClInclude Include="G1Neighbour.h">
      <Filter>Header Files</Filter>
    </ClInclude>
    <ClInclude Include="G1Packet.h">
      <Filter>Header Files</Filter>
    </ClInclude>
    <ClInclude Include="G2Neighbour.h">
      <Filter>Header Files</Filter>
    </ClInclude>
    <ClInclude Include="G2Packet.h">
      <Filter>Header Files</Filter>
    </ClInclude>
    <ClInclude Include="GGEP.h">
      <Filter>Header Files</Filter>
    </ClInclude>
    <ClInclude Include="GProfile.h">
      <Filter>Header Files</Filter>
    </ClInclude>
    <ClInclude Include="GraphBase.h">
      <Filter>Header Files</Filter>
    </ClInclude>
    <ClInclude Include="GraphItem.h">
      <Filter>Header Files</Filter>
    </ClInclude>
    <ClInclude Include="GraphLine.h">
      <Filter>Header Files</Filter>
    </ClInclude>
    <ClInclude Include="Handshake.h">
      <Filter>Header Files</Filter>
    </ClInclude>
    <ClInclude Include="Handshakes.h">
      <Filter>Header Files</Filter>
    </ClInclude>
    <ClInclude Include="HashDatabase.h">
      <Filter>Header Files</Filter>
    </ClInclude>
    <ClInclude Include="HGlobal.h">
      <Filter>Header Files</Filter>
    </ClInclude>
    <ClInclude Include="HostBrowser.h">
      <Filter>Header Files</Filter>
    </ClInclude>
    <ClInclude Include="HostCache.h">
      <Filter>Header Files</Filter>
    </ClInclude>
    <ClInclude Include="HttpRequest.h">
      <Filter>Header Files</Filter>
    </ClInclude>
    <ClInclude Include="HubHorizon.h">
      <Filter>Header Files</Filter>
    </ClInclude>
    <ClInclude Include="ID3.H">
      <Filter>Header Files</Filter>
    </ClInclude>
    <ClInclude Include="IEProtocol.h">
      <Filter>Header Files</Filter>
    </ClInclude>
    <ClInclude Include="ImageFile.h">
      <Filter>Header Files</Filter>
    </ClInclude>
    <ClInclude Include="ImageServices.h">
      <Filter>Header Files</Filter>
    </ClInclude>
    <ClInclude Include="Kademlia.h">
      <Filter>Header Files</Filter>
    </ClInclude>
    <ClInclude Include="Library.h">
      <Filter>Header Files</Filter>
    </ClInclude>
    <ClInclude Include="LibraryBuilder.h">
      <Filter>Header Files</Filter>
    </ClInclude>
    <ClInclude Include="LibraryBuilderInternals.h">
      <Filter>Header Files</Filter>
    </ClInclude>
    <ClInclude Include="LibraryBuilderPlugins.h">
      <Filter>Header Files</Filter>
    </ClInclude>
    <ClInclude Include="LibraryDictionary.h">
      <Filter>Header Files</Filter>
    </ClInclude>
    <ClInclude Include="LibraryFolders.h">
      <Filter>Header Files</Filter>
    </ClInclude>
    <ClInclude Include="LibraryHistory.h">
      <Filter>Header Files</Filter>
    </ClInclude>
    <ClInclude Include="LibraryList.h">
      <Filter>Header Files</Filter>
    </ClInclude>
    <ClInclude Include="LibraryMaps.h">
      <Filter>Header Files</Filter>
    </ClInclude>
    <ClInclude Include="LiveList.h">
      <Filter>Header Files</Filter>
    </ClInclude>
    <ClInclude Include="LiveListSizer.h">
      <Filter>Header Files</Filter>
    </ClInclude>
    <ClInclude Include="LocalSearch.h">
      <Filter>Header Files</Filter>
    </ClInclude>
    <ClInclude Include="ManagedSearch.h">
      <Filter>Header Files</Filter>
    </ClInclude>
    <ClInclude Include="MatchListView.h">
      <Filter>Header Files</Filter>
    </ClInclude>
    <ClInclude Include="MatchObjects.h">
      <Filter>Header Files</Filter>
    </ClInclude>
    <ClInclude Include="MetaList.h">
      <Filter>Header Files</Filter>
    </ClInclude>
    <ClInclude Include="MinMax.hpp">
      <Filter>Header Files</Filter>
    </ClInclude>
    <ClInclude Include="Neighbour.h">
      <Filter>Header Files</Filter>
    </ClInclude>
    <ClInclude Include="Neighbours.h">
      <Filter>Header Files</Filter>
    </ClInclude>
    <ClInclude Include="NeighboursBase.h">
      <Filter>Header Files</Filter>
    </ClInclude>
    <ClInclude Include="NeighboursWithConnect.h">
      <Filter>Header Files</Filter>
    </ClInclude>
    <ClInclude Include="NeighboursWithED2K.h">
      <Filter>Header Files</Filter>
    </ClInclude>
    <ClInclude Include="NeighboursWithG1.h">
      <Filter>Header Files</Filter>
    </ClInclude>
    <ClInclude Include="NeighboursWithG2.h">
      <Filter>Header Files</Filter>
    </ClInclude>
    <ClInclude Include="NeighboursWithRouting.h">
      <Filter>Header Files</Filter>
    </ClInclude>
    <ClInclude Include="Network.h">
      <Filter>Header Files</Filter>
    </ClInclude>
    <ClInclude Include="Packet.h">
      <Filter>Header Files</Filter>
    </ClInclude>
    <ClInclude Include="PacketBuffer.h">
      <Filter>Header Files</Filter>
    </ClInclude>
    <ClInclude Include="Plugins.h">
      <Filter>Header Files</Filter>
    </ClInclude>
    <ClInclude Include="PongCache.h">
      <Filter>Header Files</Filter>
    </ClInclude>
    <ClInclude Include="QueryHashGroup.h">
      <Filter>Header Files</Filter>
    </ClInclude>
    <ClInclude Include="QueryHashMaster.h">
      <Filter>Header Files</Filter>
    </ClInclude>
    <ClInclude Include="QueryHashTable.h">
      <Filter>Header Files</Filter>
    </ClInclude>
    <ClInclude Include="QueryHit.h">
      <Filter>Header Files</Filter>
    </ClInclude>
    <ClInclude Include="QueryKeys.h">
      <Filter>Header Files</Filter>
    </ClInclude>
    <ClInclude Include="QuerySearch.h">
      <Filter>Header Files</Filter>
    </ClInclude>
    <ClInclude Include="Registry.h">
      <Filter>Header Files</Filter>
    </ClInclude>
    <ClInclude Include="RelatedSearch.h">
      <Filter>Header Files</Filter>
    </ClInclude>
    <ClInclude Include="Remote.h">
      <Filter>Header Files</Filter>
    </ClInclude>
    <ClInclude Include="resource.h">
      <Filter>Header Files</Filter>
    </ClInclude>
    <ClInclude Include="ResultFilters.h">
      <Filter>Header Files</Filter>
    </ClInclude>
    <ClInclude Include="revision.h">
      <Filter>Header Files</Filter>
    </ClInclude>
    <ClInclude Include="RichDocument.h">
      <Filter>Header Files</Filter>
    </ClInclude>
    <ClInclude Include="RichElement.h">
      <Filter>Header Files</Filter>
    </ClInclude>
    <ClInclude Include="RichFragment.h">
      <Filter>Header Files</Filter>
    </ClInclude>
    <ClInclude Include="RichViewCtrl.h">
      <Filter>Header Files</Filter>
    </ClInclude>
    <ClInclude Include="RouteCache.h">
      <Filter>Header Files</Filter>
    </ClInclude>
    <ClInclude Include="Scheduler.h">
      <Filter>Header Files</Filter>
    </ClInclude>
    <ClInclude Include="Schema.h">
      <Filter>Header Files</Filter>
    </ClInclude>
    <ClInclude Include="SchemaCache.h">
      <Filter>Header Files</Filter>
    </ClInclude>
    <ClInclude Include="SchemaChild.h">
      <Filter>Header Files</Filter>
    </ClInclude>
    <ClInclude Include="SchemaMember.h">
      <Filter>Header Files</Filter>
    </ClInclude>
    <ClInclude Include="SearchManager.h">
      <Filter>Header Files</Filter>
    </ClInclude>
    <ClInclude Include="Security.h">
      <Filter>Header Files</Filter>
    </ClInclude>
    <ClInclude Include="Settings.h">
      <Filter>Header Files</Filter>
    </ClInclude>
    <ClInclude Include="ShakeNeighbour.h">
      <Filter>Header Files</Filter>
    </ClInclude>
    <ClInclude Include="Shareaza.h">
      <Filter>Header Files</Filter>
    </ClInclude>
    <ClInclude Include="ShareazaDataSource.h">
      <Filter>Header Files</Filter>
    </ClInclude>
    <ClInclude Include="ShareazaFile.h">
      <Filter>Header Files</Filter>
    </ClInclude>
    <ClInclude Include="ShareazaOM.h">
      <Filter>Header Files</Filter>
    </ClInclude>
    <ClInclude Include="ShareazaThread.h">
      <Filter>Header Files</Filter>
    </ClInclude>
    <ClInclude Include="ShareazaURL.h">
      <Filter>Header Files</Filter>
    </ClInclude>
    <ClInclude Include="SharedFile.h">
      <Filter>Header Files</Filter>
    </ClInclude>
    <ClInclude Include="SharedFolder.h">
      <Filter>Header Files</Filter>
    </ClInclude>
    <ClInclude Include="Shell.h">
      <Filter>Header Files</Filter>
    </ClInclude>
    <ClInclude Include="ShellIcons.h">
      <Filter>Header Files</Filter>
    </ClInclude>
    <ClInclude Include="Skin.h">
      <Filter>Header Files</Filter>
    </ClInclude>
    <ClInclude Include="SkinWindow.h">
      <Filter>Header Files</Filter>
    </ClInclude>
    <ClInclude Include="SQLite.h">
      <Filter>Header Files</Filter>
    </ClInclude>
    <ClInclude Include="Statistics.h">
      <Filter>Header Files</Filter>
    </ClInclude>
    <ClInclude Include="StdAfx.h">
      <Filter>Header Files</Filter>
    </ClInclude>
    <ClInclude Include="StreamArchive.h">
      <Filter>Header Files</Filter>
    </ClInclude>
    <ClInclude Include="ThreadImpl.h">
      <Filter>Header Files</Filter>
    </ClInclude>
    <ClInclude Include="ThumbCache.h">
      <Filter>Header Files</Filter>
    </ClInclude>
    <ClInclude Include="Transfer.h">
      <Filter>Header Files</Filter>
    </ClInclude>
    <ClInclude Include="TransferFile.h">
      <Filter>Header Files</Filter>
    </ClInclude>
    <ClInclude Include="Transfers.h">
      <Filter>Header Files</Filter>
    </ClInclude>
    <ClInclude Include="UploadFile.h">
      <Filter>Header Files</Filter>
    </ClInclude>
    <ClInclude Include="UploadFiles.h">
      <Filter>Header Files</Filter>
    </ClInclude>
    <ClInclude Include="UploadQueue.h">
      <Filter>Header Files</Filter>
    </ClInclude>
    <ClInclude Include="UploadQueues.h">
      <Filter>Header Files</Filter>
    </ClInclude>
    <ClInclude Include="Uploads.h">
      <Filter>Header Files</Filter>
    </ClInclude>
    <ClInclude Include="UploadTransfer.h">
      <Filter>Header Files</Filter>
    </ClInclude>
    <ClInclude Include="UploadTransferBT.h">
      <Filter>Header Files</Filter>
    </ClInclude>
    <ClInclude Include="UploadTransferED2K.h">
      <Filter>Header Files</Filter>
    </ClInclude>
    <ClInclude Include="UploadTransferHTTP.h">
      <Filter>Header Files</Filter>
    </ClInclude>
    <ClInclude Include="UPnPFinder.h">
      <Filter>Header Files</Filter>
    </ClInclude>
    <ClInclude Include="VendorCache.h">
      <Filter>Header Files</Filter>
    </ClInclude>
    <ClInclude Include="VersionChecker.h">
      <Filter>Header Files</Filter>
    </ClInclude>
    <ClInclude Include="WindowManager.h">
      <Filter>Header Files</Filter>
    </ClInclude>
    <ClInclude Include="WorldGPS.h">
      <Filter>Header Files</Filter>
    </ClInclude>
    <ClInclude Include="XML.h">
      <Filter>Header Files</Filter>
    </ClInclude>
    <ClInclude Include="XMLCOM.h">
      <Filter>Header Files</Filter>
    </ClInclude>
    <ClInclude Include="ZIPFile.h">
      <Filter>Header Files</Filter>
    </ClInclude>
    <ClInclude Include="CtrlBrowseFrame.h">
      <Filter>Header Files\Controls</Filter>
    </ClInclude>
    <ClInclude Include="CtrlBrowseHeader.h">
      <Filter>Header Files\Controls</Filter>
    </ClInclude>
    <ClInclude Include="CtrlBrowseProfile.h">
      <Filter>Header Files\Controls</Filter>
    </ClInclude>
    <ClInclude Include="CtrlBrowseTree.h">
      <Filter>Header Files\Controls</Filter>
    </ClInclude>
    <ClInclude Include="CtrlCoolBar.h">
      <Filter>Header Files\Controls</Filter>
    </ClInclude>
    <ClInclude Include="CtrlCoolMenuBar.h">
      <Filter>Header Files\Controls</Filter>
    </ClInclude>
    <ClInclude Include="CtrlCoolTip.h">
      <Filter>Header Files\Controls</Filter>
    </ClInclude>
    <ClInclude Include="CtrlDownloads.h">
      <Filter>Header Files\Controls</Filter>
    </ClInclude>
    <ClInclude Include="CtrlDownloadTabBar.h">
      <Filter>Header Files\Controls</Filter>
    </ClInclude>
    <ClInclude Include="CtrlDownloadTip.h">
      <Filter>Header Files\Controls</Filter>
    </ClInclude>
    <ClInclude Include="CtrlDragList.h">
      <Filter>Header Files\Controls</Filter>
    </ClInclude>
    <ClInclude Include="CtrlFontCombo.h">
      <Filter>Header Files\Controls</Filter>
    </ClInclude>
    <ClInclude Include="CtrlHomePanel.h">
      <Filter>Header Files\Controls</Filter>
    </ClInclude>
    <ClInclude Include="CtrlHomeSearch.h">
      <Filter>Header Files\Controls</Filter>
    </ClInclude>
    <ClInclude Include="CtrlHomeView.h">
      <Filter>Header Files\Controls</Filter>
    </ClInclude>
    <ClInclude Include="CtrlIconButton.h">
      <Filter>Header Files\Controls</Filter>
    </ClInclude>
    <ClInclude Include="CtrlIRCFrame.h">
      <Filter>Header Files\Controls</Filter>
    </ClInclude>
    <ClInclude Include="CtrlIRCPanel.h">
      <Filter>Header Files\Controls</Filter>
    </ClInclude>
    <ClInclude Include="CtrlLibraryAlbumView.h">
      <Filter>Header Files\Controls</Filter>
    </ClInclude>
    <ClInclude Include="CtrlLibraryCollectionView.h">
      <Filter>Header Files\Controls</Filter>
    </ClInclude>
    <ClInclude Include="CtrlLibraryDetailView.h">
      <Filter>Header Files\Controls</Filter>
    </ClInclude>
    <ClInclude Include="CtrlLibraryFileView.h">
      <Filter>Header Files\Controls</Filter>
    </ClInclude>
    <ClInclude Include="CtrlLibraryFrame.h">
      <Filter>Header Files\Controls</Filter>
    </ClInclude>
    <ClInclude Include="CtrlLibraryHeaderBar.h">
      <Filter>Header Files\Controls</Filter>
    </ClInclude>
    <ClInclude Include="CtrlLibraryHeaderPanel.h">
      <Filter>Header Files\Controls</Filter>
    </ClInclude>
    <ClInclude Include="CtrlLibraryHistoryPanel.h">
      <Filter>Header Files\Controls</Filter>
    </ClInclude>
    <ClInclude Include="CtrlLibraryMetaPanel.h">
      <Filter>Header Files\Controls</Filter>
    </ClInclude>
    <ClInclude Include="CtrlLibraryThumbView.h">
      <Filter>Header Files\Controls</Filter>
    </ClInclude>
    <ClInclude Include="CtrlLibraryTileView.h">
      <Filter>Header Files\Controls</Filter>
    </ClInclude>
    <ClInclude Include="CtrlLibraryTip.h">
      <Filter>Header Files\Controls</Filter>
    </ClInclude>
    <ClInclude Include="CtrlLibraryTreeView.h">
      <Filter>Header Files\Controls</Filter>
    </ClInclude>
    <ClInclude Include="CtrlLibraryView.h">
      <Filter>Header Files\Controls</Filter>
    </ClInclude>
    <ClInclude Include="CtrlMainTabBar.h">
      <Filter>Header Files\Controls</Filter>
    </ClInclude>
    <ClInclude Include="CtrlMatch.h">
      <Filter>Header Files\Controls</Filter>
    </ClInclude>
    <ClInclude Include="CtrlMatchTip.h">
      <Filter>Header Files\Controls</Filter>
    </ClInclude>
    <ClInclude Include="CtrlMediaFrame.h">
      <Filter>Header Files\Controls</Filter>
    </ClInclude>
    <ClInclude Include="CtrlMediaList.h">
      <Filter>Header Files\Controls</Filter>
    </ClInclude>
    <ClInclude Include="CtrlMonitorBar.h">
      <Filter>Header Files\Controls</Filter>
    </ClInclude>
    <ClInclude Include="CtrlNeighbourTip.h">
      <Filter>Header Files\Controls</Filter>
    </ClInclude>
    <ClInclude Include="CtrlPanel.h">
      <Filter>Header Files\Controls</Filter>
    </ClInclude>
    <ClInclude Include="CtrlRichTaskBox.h">
      <Filter>Header Files\Controls</Filter>
    </ClInclude>
    <ClInclude Include="CtrlSchema.h">
      <Filter>Header Files\Controls</Filter>
    </ClInclude>
    <ClInclude Include="CtrlSchemaCombo.h">
      <Filter>Header Files\Controls</Filter>
    </ClInclude>
    <ClInclude Include="CtrlSearchDetailPanel.h">
      <Filter>Header Files\Controls</Filter>
    </ClInclude>
    <ClInclude Include="CtrlSearchPanel.h">
      <Filter>Header Files\Controls</Filter>
    </ClInclude>
    <ClInclude Include="CtrlSharedFolder.h">
      <Filter>Header Files\Controls</Filter>
    </ClInclude>
    <ClInclude Include="CtrlTaskPanel.h">
      <Filter>Header Files\Controls</Filter>
    </ClInclude>
    <ClInclude Include="CtrlText.h">
      <Filter>Header Files\Controls</Filter>
    </ClInclude>
    <ClInclude Include="CtrlTipAlbum.h">
      <Filter>Header Files\Controls</Filter>
    </ClInclude>
    <ClInclude Include="CtrlTipFolder.h">
      <Filter>Header Files\Controls</Filter>
    </ClInclude>
    <ClInclude Include="CtrlTipList.h">
      <Filter>Header Files\Controls</Filter>
    </ClInclude>
    <ClInclude Include="CtrlUploads.h">
      <Filter>Header Files\Controls</Filter>
    </ClInclude>
    <ClInclude Include="CtrlUploadTip.h">
      <Filter>Header Files\Controls</Filter>
    </ClInclude>
    <ClInclude Include="CtrlWeb.h">
      <Filter>Header Files\Controls</Filter>
    </ClInclude>
    <ClInclude Include="CtrlWizard.h">
      <Filter>Header Files\Controls</Filter>
    </ClInclude>
    <ClInclude Include="CtrlWndTabBar.h">
      <Filter>Header Files\Controls</Filter>
    </ClInclude>
    <ClInclude Include="WndBaseMatch.h">
      <Filter>Header Files\Windows</Filter>
    </ClInclude>
    <ClInclude Include="WndBrowseHost.h">
      <Filter>Header Files\Windows</Filter>
    </ClInclude>
    <ClInclude Include="WndChat.h">
      <Filter>Header Files\Windows</Filter>
    </ClInclude>
    <ClInclude Include="WndChild.h">
      <Filter>Header Files\Windows</Filter>
    </ClInclude>
    <ClInclude Include="WndDiscovery.h">
      <Filter>Header Files\Windows</Filter>
    </ClInclude>
    <ClInclude Include="WndDownloads.h">
      <Filter>Header Files\Windows</Filter>
    </ClInclude>
    <ClInclude Include="WndHashProgressBar.h">
      <Filter>Header Files\Windows</Filter>
    </ClInclude>
    <ClInclude Include="WndHitMonitor.h">
      <Filter>Header Files\Windows</Filter>
    </ClInclude>
    <ClInclude Include="WndHome.h">
      <Filter>Header Files\Windows</Filter>
    </ClInclude>
    <ClInclude Include="WndHostCache.h">
      <Filter>Header Files\Windows</Filter>
    </ClInclude>
    <ClInclude Include="WndIRC.h">
      <Filter>Header Files\Windows</Filter>
    </ClInclude>
    <ClInclude Include="WndLibrary.h">
      <Filter>Header Files\Windows</Filter>
    </ClInclude>
    <ClInclude Include="WndMain.h">
      <Filter>Header Files\Windows</Filter>
    </ClInclude>
    <ClInclude Include="WndMedia.h">
      <Filter>Header Files\Windows</Filter>
    </ClInclude>
    <ClInclude Include="WndMonitor.h">
      <Filter>Header Files\Windows</Filter>
    </ClInclude>
    <ClInclude Include="WndNeighbours.h">
      <Filter>Header Files\Windows</Filter>
    </ClInclude>
    <ClInclude Include="WndPacket.h">
      <Filter>Header Files\Windows</Filter>
    </ClInclude>
    <ClInclude Include="WndPanel.h">
      <Filter>Header Files\Windows</Filter>
    </ClInclude>
    <ClInclude Include="WndPlugin.h">
      <Filter>Header Files\Windows</Filter>
    </ClInclude>
    <ClInclude Include="WndScheduler.h">
      <Filter>Header Files\Windows</Filter>
    </ClInclude>
    <ClInclude Include="WndSearch.h">
      <Filter>Header Files\Windows</Filter>
    </ClInclude>
    <ClInclude Include="WndSearchMonitor.h">
      <Filter>Header Files\Windows</Filter>
    </ClInclude>
    <ClInclude Include="WndSecurity.h">
      <Filter>Header Files\Windows</Filter>
    </ClInclude>
    <ClInclude Include="WndSettingsPage.h">
      <Filter>Header Files\Windows</Filter>
    </ClInclude>
    <ClInclude Include="WndSettingsSheet.h">
      <Filter>Header Files\Windows</Filter>
    </ClInclude>
    <ClInclude Include="WndSystem.h">
      <Filter>Header Files\Windows</Filter>
    </ClInclude>
    <ClInclude Include="WndTraffic.h">
      <Filter>Header Files\Windows</Filter>
    </ClInclude>
    <ClInclude Include="WndUploads.h">
      <Filter>Header Files\Windows</Filter>
    </ClInclude>
    <ClInclude Include="DlgAbout.h">
      <Filter>Header Files\Dialogs</Filter>
    </ClInclude>
    <ClInclude Include="DlgCloseMode.h">
      <Filter>Header Files\Dialogs</Filter>
    </ClInclude>
    <ClInclude Include="DlgCollectionExport.h">
      <Filter>Header Files\Dialogs</Filter>
    </ClInclude>
    <ClInclude Include="DlgConnectTo.h">
      <Filter>Header Files\Dialogs</Filter>
    </ClInclude>
    <ClInclude Include="DlgDecodeMetadata.h">
      <Filter>Header Files\Dialogs</Filter>
    </ClInclude>
    <ClInclude Include="DlgDeleteFile.h">
      <Filter>Header Files\Dialogs</Filter>
    </ClInclude>
    <ClInclude Include="DlgDiscoveryService.h">
      <Filter>Header Files\Dialogs</Filter>
    </ClInclude>
    <ClInclude Include="DlgDonkeyImport.h">
      <Filter>Header Files\Dialogs</Filter>
    </ClInclude>
    <ClInclude Include="DlgDonkeyServers.h">
      <Filter>Header Files\Dialogs</Filter>
    </ClInclude>
    <ClInclude Include="DlgDownload.h">
      <Filter>Header Files\Dialogs</Filter>
    </ClInclude>
    <ClInclude Include="DlgDownloadGroup.h">
      <Filter>Header Files\Dialogs</Filter>
    </ClInclude>
    <ClInclude Include="DlgDownloadMonitor.h">
      <Filter>Header Files\Dialogs</Filter>
    </ClInclude>
    <ClInclude Include="DlgDownloadReviews.h">
      <Filter>Header Files\Dialogs</Filter>
    </ClInclude>
    <ClInclude Include="DlgDownloadSheet.h">
      <Filter>Header Files\Dialogs</Filter>
    </ClInclude>
    <ClInclude Include="DlgExistingFile.h">
      <Filter>Header Files\Dialogs</Filter>
    </ClInclude>
    <ClInclude Include="DlgFileCopy.h">
      <Filter>Header Files\Dialogs</Filter>
    </ClInclude>
    <ClInclude Include="DlgFilePreview.h">
      <Filter>Header Files\Dialogs</Filter>
    </ClInclude>
    <ClInclude Include="DlgFilePropertiesPage.h">
      <Filter>Header Files\Dialogs</Filter>
    </ClInclude>
    <ClInclude Include="DlgFilePropertiesSheet.h">
      <Filter>Header Files\Dialogs</Filter>
    </ClInclude>
    <ClInclude Include="DlgFilterSearch.h">
      <Filter>Header Files\Dialogs</Filter>
    </ClInclude>
    <ClInclude Include="DlgFolderProperties.h">
      <Filter>Header Files\Dialogs</Filter>
    </ClInclude>
    <ClInclude Include="DlgFolderScan.h">
      <Filter>Header Files\Dialogs</Filter>
    </ClInclude>
    <ClInclude Include="DlgGraphItem.h">
      <Filter>Header Files\Dialogs</Filter>
    </ClInclude>
    <ClInclude Include="DlgGraphList.h">
      <Filter>Header Files\Dialogs</Filter>
    </ClInclude>
    <ClInclude Include="DlgHelp.h">
      <Filter>Header Files\Dialogs</Filter>
    </ClInclude>
    <ClInclude Include="DlgHitColumns.h">
      <Filter>Header Files\Dialogs</Filter>
    </ClInclude>
    <ClInclude Include="DlgIrcInput.h">
      <Filter>Header Files\Dialogs</Filter>
    </ClInclude>
    <ClInclude Include="DlgLanguage.h">
      <Filter>Header Files\Dialogs</Filter>
    </ClInclude>
    <ClInclude Include="DlgMediaVis.h">
      <Filter>Header Files\Dialogs</Filter>
    </ClInclude>
    <ClInclude Include="DlgMessage.h">
      <Filter>Header Files\Dialogs</Filter>
    </ClInclude>
    <ClInclude Include="DlgNewSearch.h">
      <Filter>Header Files\Dialogs</Filter>
    </ClInclude>
    <ClInclude Include="DlgPluginExtSetup.h">
      <Filter>Header Files\Dialogs</Filter>
    </ClInclude>
    <ClInclude Include="DlgProfileManager.h">
      <Filter>Header Files\Dialogs</Filter>
    </ClInclude>
    <ClInclude Include="DlgProgressBar.h">
      <Filter>Header Files\Dialogs</Filter>
    </ClInclude>
    <ClInclude Include="DlgPromote.h">
      <Filter>Header Files\Dialogs</Filter>
    </ClInclude>
    <ClInclude Include="DlgQueueProperties.h">
      <Filter>Header Files\Dialogs</Filter>
    </ClInclude>
    <ClInclude Include="DlgSaveFilterAs.h">
      <Filter>Header Files\Dialogs</Filter>
    </ClInclude>
    <ClInclude Include="DlgScheduleTask.h">
      <Filter>Header Files\Dialogs</Filter>
    </ClInclude>
    <ClInclude Include="DlgSecureRule.h">
      <Filter>Header Files\Dialogs</Filter>
    </ClInclude>
    <ClInclude Include="DlgSelect.h">
      <Filter>Header Files\Dialogs</Filter>
    </ClInclude>
    <ClInclude Include="DlgSettingsManager.h">
      <Filter>Header Files\Dialogs</Filter>
    </ClInclude>
    <ClInclude Include="DlgShareManager.h">
      <Filter>Header Files\Dialogs</Filter>
    </ClInclude>
    <ClInclude Include="DlgSkinDialog.h">
      <Filter>Header Files\Dialogs</Filter>
    </ClInclude>
    <ClInclude Include="DlgSplash.h">
      <Filter>Header Files\Dialogs</Filter>
    </ClInclude>
    <ClInclude Include="DlgTorrentSeed.h">
      <Filter>Header Files\Dialogs</Filter>
    </ClInclude>
    <ClInclude Include="DlgUpgrade.h">
      <Filter>Header Files\Dialogs</Filter>
    </ClInclude>
    <ClInclude Include="DlgURLAction.h">
      <Filter>Header Files\Dialogs</Filter>
    </ClInclude>
    <ClInclude Include="DlgURLCopy.h">
      <Filter>Header Files\Dialogs</Filter>
    </ClInclude>
    <ClInclude Include="DlgURLExport.h">
      <Filter>Header Files\Dialogs</Filter>
    </ClInclude>
    <ClInclude Include="DlgWarnings.h">
      <Filter>Header Files\Dialogs</Filter>
    </ClInclude>
    <ClInclude Include="WizardConnectionPage.h">
      <Filter>Header Files\Wizard</Filter>
    </ClInclude>
    <ClInclude Include="WizardFinishedPage.h">
      <Filter>Header Files\Wizard</Filter>
    </ClInclude>
    <ClInclude Include="WizardInterfacePage.h">
      <Filter>Header Files\Wizard</Filter>
    </ClInclude>
    <ClInclude Include="WizardNetworksPage.h">
      <Filter>Header Files\Wizard</Filter>
    </ClInclude>
    <ClInclude Include="WizardProfilePage.h">
      <Filter>Header Files\Wizard</Filter>
    </ClInclude>
    <ClInclude Include="WizardSharePage.h">
      <Filter>Header Files\Wizard</Filter>
    </ClInclude>
    <ClInclude Include="WizardSheet.h">
      <Filter>Header Files\Wizard</Filter>
    </ClInclude>
    <ClInclude Include="WizardWelcomePage.h">
      <Filter>Header Files\Wizard</Filter>
    </ClInclude>
    <ClInclude Include="Hashes.hpp">
      <Filter>Header Files\Hash algorithms</Filter>
    </ClInclude>
    <ClInclude Include="Hashes\CheckingPolicies.hpp">
      <Filter>Header Files\Hash algorithms\Policies</Filter>
    </ClInclude>
    <ClInclude Include="Hashes\Compatibility.hpp">
      <Filter>Header Files\Hash algorithms\Policies</Filter>
    </ClInclude>
    <ClInclude Include="Hashes\Hash.hpp">
      <Filter>Header Files\Hash algorithms\Policies</Filter>
    </ClInclude>
    <ClInclude Include="Hashes\HashDescriptors.hpp">
      <Filter>Header Files\Hash algorithms\Policies</Filter>
    </ClInclude>
    <ClInclude Include="Hashes\HashStringConversion.hpp">
      <Filter>Header Files\Hash algorithms\Policies</Filter>
    </ClInclude>
    <ClInclude Include="Hashes\StoragePolicies.hpp">
      <Filter>Header Files\Hash algorithms\Policies</Filter>
    </ClInclude>
    <ClInclude Include="Hashes\ValidationPolicies.hpp">
      <Filter>Header Files\Hash algorithms\Policies</Filter>
    </ClInclude>
    <ClInclude Include="PageDownloadActions.h">
      <Filter>Header Files\Pages</Filter>
    </ClInclude>
    <ClInclude Include="PageDownloadEdit.h">
      <Filter>Header Files\Pages</Filter>
    </ClInclude>
    <ClInclude Include="PageFileComments.h">
      <Filter>Header Files\Pages</Filter>
    </ClInclude>
    <ClInclude Include="PageFileGeneral.h">
      <Filter>Header Files\Pages</Filter>
    </ClInclude>
    <ClInclude Include="PageFileMetadata.h">
      <Filter>Header Files\Pages</Filter>
    </ClInclude>
    <ClInclude Include="PageFileSharing.h">
      <Filter>Header Files\Pages</Filter>
    </ClInclude>
    <ClInclude Include="PageFileSources.h">
      <Filter>Header Files\Pages</Filter>
    </ClInclude>
    <ClInclude Include="PageProfileAvatar.h">
      <Filter>Header Files\Pages</Filter>
    </ClInclude>
    <ClInclude Include="PageProfileBio.h">
      <Filter>Header Files\Pages</Filter>
    </ClInclude>
    <ClInclude Include="PageProfileCertificate.h">
      <Filter>Header Files\Pages</Filter>
    </ClInclude>
    <ClInclude Include="PageProfileContact.h">
      <Filter>Header Files\Pages</Filter>
    </ClInclude>
    <ClInclude Include="PageProfileFavourites.h">
      <Filter>Header Files\Pages</Filter>
    </ClInclude>
    <ClInclude Include="PageProfileFiles.h">
      <Filter>Header Files\Pages</Filter>
    </ClInclude>
    <ClInclude Include="PageProfileIdentity.h">
      <Filter>Header Files\Pages</Filter>
    </ClInclude>
    <ClInclude Include="PageProfileProfile.h">
      <Filter>Header Files\Pages</Filter>
    </ClInclude>
    <ClInclude Include="PagePropertyAdv.h">
      <Filter>Header Files\Pages</Filter>
    </ClInclude>
    <ClInclude Include="PageSettingsBitTorrent.h">
      <Filter>Header Files\Pages</Filter>
    </ClInclude>
    <ClInclude Include="PageSettingsCommunity.h">
      <Filter>Header Files\Pages</Filter>
    </ClInclude>
    <ClInclude Include="PageSettingsConnection.h">
      <Filter>Header Files\Pages</Filter>
    </ClInclude>
    <ClInclude Include="PageSettingsDonkey.h">
      <Filter>Header Files\Pages</Filter>
    </ClInclude>
    <ClInclude Include="PageSettingsDownloads.h">
      <Filter>Header Files\Pages</Filter>
    </ClInclude>
    <ClInclude Include="PageSettingsGeneral.h">
      <Filter>Header Files\Pages</Filter>
    </ClInclude>
    <ClInclude Include="PageSettingsGnutella.h">
      <Filter>Header Files\Pages</Filter>
    </ClInclude>
    <ClInclude Include="PageSettingsIRC.h">
      <Filter>Header Files\Pages</Filter>
    </ClInclude>
    <ClInclude Include="PageSettingsLibrary.h">
      <Filter>Header Files\Pages</Filter>
    </ClInclude>
    <ClInclude Include="PageSettingsMedia.h">
      <Filter>Header Files\Pages</Filter>
    </ClInclude>
    <ClInclude Include="PageSettingsNetworks.h">
      <Filter>Header Files\Pages</Filter>
    </ClInclude>
    <ClInclude Include="PageSettingsPlugins.h">
      <Filter>Header Files\Pages</Filter>
    </ClInclude>
    <ClInclude Include="PageSettingsRemote.h">
      <Filter>Header Files\Pages</Filter>
    </ClInclude>
    <ClInclude Include="PageSettingsRich.h">
      <Filter>Header Files\Pages</Filter>
    </ClInclude>
    <ClInclude Include="PageSettingsSkins.h">
      <Filter>Header Files\Pages</Filter>
    </ClInclude>
    <ClInclude Include="PageSettingsAdvanced.h">
      <Filter>Header Files\Pages</Filter>
    </ClInclude>
    <ClInclude Include="PageSettingsUploads.h">
      <Filter>Header Files\Pages</Filter>
    </ClInclude>
    <ClInclude Include="PageSettingsWeb.h">
      <Filter>Header Files\Pages</Filter>
    </ClInclude>
    <ClInclude Include="PageTorrentFiles.h">
      <Filter>Header Files\Pages</Filter>
    </ClInclude>
    <ClInclude Include="PageTorrentGeneral.h">
      <Filter>Header Files\Pages</Filter>
    </ClInclude>
    <ClInclude Include="PageTorrentTrackers.h">
      <Filter>Header Files\Pages</Filter>
    </ClInclude>
    <ClInclude Include="FileFragments.hpp">
      <Filter>Header Files\File fragments</Filter>
    </ClInclude>
    <ClInclude Include="FileFragments\Compatibility.hpp">
      <Filter>Header Files\File fragments\Filefragments</Filter>
    </ClInclude>
    <ClInclude Include="FileFragments\Exception.hpp">
      <Filter>Header Files\File fragments\Filefragments</Filter>
    </ClInclude>
    <ClInclude Include="FileFragments\List.hpp">
      <Filter>Header Files\File fragments\Filefragments</Filter>
    </ClInclude>
    <ClInclude Include="FileFragments\Queue.hpp">
      <Filter>Header Files\File fragments\Filefragments</Filter>
    </ClInclude>
    <ClInclude Include="FileFragments\Range.hpp">
      <Filter>Header Files\File fragments\Filefragments</Filter>
    </ClInclude>
    <ClInclude Include="FileFragments\Ranges.hpp">
      <Filter>Header Files\File fragments\Filefragments</Filter>
    </ClInclude>
    <ClInclude Include="DCClient.h">
      <Filter>Header Files</Filter>
    </ClInclude>
    <ClInclude Include="DCClients.h">
      <Filter>Header Files</Filter>
    </ClInclude>
    <ClInclude Include="DCNeighbour.h">
      <Filter>Header Files</Filter>
    </ClInclude>
    <ClInclude Include="DCPacket.h">
      <Filter>Header Files</Filter>
    </ClInclude>
    <ClInclude Include="Strings.h">
      <Filter>Header Files</Filter>
    </ClInclude>
    <ClInclude Include="DownloadTransferDC.h">
      <Filter>Header Files</Filter>
    </ClInclude>
    <ClInclude Include="UploadTransferDC.h">
      <Filter>Header Files</Filter>
    </ClInclude>
    <ClInclude Include="WndPrivateChat.h">
      <Filter>Header Files\Windows</Filter>
    </ClInclude>
    <ClInclude Include="SecureRule.h">
      <Filter>Header Files</Filter>
    </ClInclude>
    <ClInclude Include="AntiVirus.h">
      <Filter>Header Files</Filter>
    </ClInclude>
    <ClInclude Include="DlgHex.h">
      <Filter>Header Files\Dialogs</Filter>
    </ClInclude>
    <ClInclude Include="UPnPNAT.h">
      <Filter>Header Files</Filter>
    </ClInclude>
    <ClInclude Include="MiniUPnP.h">
      <Filter>Header Files</Filter>
    </ClInclude>
    <ClInclude Include="UPnP.h">
      <Filter>Header Files</Filter>
    </ClInclude>
    <ClInclude Include="ZLibWarp.h">
      <Filter>Header Files</Filter>
    </ClInclude>
  </ItemGroup>
  <ItemGroup>
    <None Include="XML.inl">
      <Filter>Header Files</Filter>
    </None>
    <None Include="Hashes\Hashes.dox">
      <Filter>Header Files\Hash algorithms</Filter>
    </None>
    <None Include="Res\About.htm.gz">
      <Filter>Resource Files</Filter>
    </None>
    <None Include="Res\BadRange.htm">
      <Filter>Resource Files</Filter>
    </None>
    <None Include="Res\BannerMark.bmp">
      <Filter>Resource Files</Filter>
    </None>
    <None Include="Res\Bittorrent.ico">
      <Filter>Resource Files</Filter>
    </None>
    <None Include="Res\BoxMark.bmp">
      <Filter>Resource Files</Filter>
    </None>
    <None Include="Res\Browse.ico">
      <Filter>Resource Files</Filter>
    </None>
    <None Include="Res\Browser.htm.gz">
      <Filter>Resource Files</Filter>
    </None>
    <None Include="Res\Busy.htm">
      <Filter>Resource Files</Filter>
    </None>
    <None Include="Res\Busy.ico">
      <Filter>Resource Files</Filter>
    </None>
    <None Include="Res\channel.ico">
      <Filter>Resource Files</Filter>
    </None>
    <None Include="Res\Chat.ico">
      <Filter>Resource Files</Filter>
    </None>
    <None Include="Res\Checkmark.ico">
      <Filter>Resource Files</Filter>
    </None>
    <None Include="Res\Chevron.ico">
      <Filter>Resource Files</Filter>
    </None>
    <None Include="Res\ChildFrame.bmp">
      <Filter>Resource Files</Filter>
    </None>
    <None Include="Res\Clipboard.ico">
      <Filter>Resource Files</Filter>
    </None>
    <None Include="Res\Collection.ico">
      <Filter>Resource Files</Filter>
    </None>
    <None Include="Res\CollectionMask.ico">
      <Filter>Resource Files</Filter>
    </None>
    <None Include="Res\colors.ico">
      <Filter>Resource Files</Filter>
    </None>
    <None Include="Res\ColourDot.bmp">
      <Filter>Resource Files</Filter>
    </None>
    <None Include="Res\ColourDot.ico">
      <Filter>Resource Files</Filter>
    </None>
    <None Include="Res\Commercial.ico">
      <Filter>Resource Files</Filter>
    </None>
    <None Include="Res\Computer.ico">
      <Filter>Resource Files</Filter>
    </None>
    <None Include="Res\ComputerGray.ico">
      <Filter>Resource Files</Filter>
    </None>
    <None Include="Res\ContactAOL.ico">
      <Filter>Resource Files</Filter>
    </None>
    <None Include="Res\ContactICQ.ico">
      <Filter>Resource Files</Filter>
    </None>
    <None Include="Res\ContactMSN.ico">
      <Filter>Resource Files</Filter>
    </None>
    <None Include="Res\ContactYahoo.ico">
      <Filter>Resource Files</Filter>
    </None>
    <None Include="Res\Copy.cur">
      <Filter>Resource Files</Filter>
    </None>
    <None Include="Res\CopyVista.cur">
      <Filter>Resource Files</Filter>
    </None>
    <None Include="Res\Default.xml.gz">
      <Filter>Resource Files</Filter>
    </None>
    <None Include="Res\DefaultServices.dat">
      <Filter>Resource Files</Filter>
    </None>
    <None Include="Res\Definitions.xml.gz">
      <Filter>Resource Files</Filter>
    </None>
    <None Include="Res\Disabled.htm">
      <Filter>Resource Files</Filter>
    </None>
    <None Include="Res\Discovery.ico">
      <Filter>Resource Files</Filter>
    </None>
    <None Include="Res\DiscoveryBlue.ico">
      <Filter>Resource Files</Filter>
    </None>
    <None Include="Res\DiscoveryGray.ico">
      <Filter>Resource Files</Filter>
    </None>
    <None Include="Res\DownloadMonitor.ico">
      <Filter>Resource Files</Filter>
    </None>
    <None Include="Res\Downloads.ico">
      <Filter>Resource Files</Filter>
    </None>
    <None Include="Res\Executable.ico">
      <Filter>Resource Files</Filter>
    </None>
    <None Include="Res\Fake.ico">
      <Filter>Resource Files</Filter>
    </None>
    <None Include="Res\File.ico">
      <Filter>Resource Files</Filter>
    </None>
    <None Include="Res\FileNotFound.htm">
      <Filter>Resource Files</Filter>
    </None>
    <None Include="Res\Firewalled.ico">
      <Filter>Resource Files</Filter>
    </None>
    <None Include="Res\FlagEnglish.ico">
      <Filter>Resource Files</Filter>
    </None>
    <None Include="Res\FolderClosed.ico">
      <Filter>Resource Files</Filter>
    </None>
    <None Include="Res\FolderOpen.ico">
      <Filter>Resource Files</Filter>
    </None>
    <None Include="Res\FontSymbols.bmp">
      <Filter>Resource Files</Filter>
    </None>
    <None Include="Res\Granted.ico">
      <Filter>Resource Files</Filter>
    </None>
    <None Include="Res\Hand.cur">
      <Filter>Resource Files</Filter>
    </None>
    <None Include="Res\Hash.ico">
      <Filter>Resource Files</Filter>
    </None>
    <None Include="Res\HashMismatch.htm">
      <Filter>Resource Files</Filter>
    </None>
    <None Include="Res\Help.ico">
      <Filter>Resource Files</Filter>
    </None>
    <None Include="Res\HitMonitor.ico">
      <Filter>Resource Files</Filter>
    </None>
    <None Include="Res\Home.ico">
      <Filter>Resource Files</Filter>
    </None>
    <None Include="Res\HomeHeader.1.png">
      <Filter>Resource Files</Filter>
    </None>
    <None Include="Res\HomeHeader.2.png">
      <Filter>Resource Files</Filter>
    </None>
    <None Include="Res\HomeTile.bmp">
      <Filter>Resource Files</Filter>
    </None>
    <None Include="Res\HostCache.ico">
      <Filter>Resource Files</Filter>
    </None>
    <None Include="Res\irc.ico">
      <Filter>Resource Files</Filter>
    </None>
    <None Include="Res\IrcIcons.bmp">
      <Filter>Resource Files</Filter>
    </None>
    <None Include="Res\Library.ico">
      <Filter>Resource Files</Filter>
    </None>
    <None Include="Res\Locked.ico">
      <Filter>Resource Files</Filter>
    </None>
    <None Include="Res\LogoLarge.jpg">
      <Filter>Resource Files</Filter>
    </None>
    <None Include="Res\Mail.ico">
      <Filter>Resource Files</Filter>
    </None>
    <None Include="Res\Media.ico">
      <Filter>Resource Files</Filter>
    </None>
    <None Include="Res\MediaStates.bmp">
      <Filter>Resource Files</Filter>
    </None>
    <None Include="Res\MenuBar.png">
      <Filter>Resource Files</Filter>
    </None>
    <None Include="Res\Minus.ico">
      <Filter>Resource Files</Filter>
    </None>
    <None Include="Res\MinusHover.ico">
      <Filter>Resource Files</Filter>
    </None>
    <None Include="Res\Move.cur">
      <Filter>Resource Files</Filter>
    </None>
    <None Include="Res\MoveVista.cur">
      <Filter>Resource Files</Filter>
    </None>
    <None Include="Res\MusicBrainz.bmp">
      <Filter>Resource Files</Filter>
    </None>
    <None Include="Res\Navbar.png">
      <Filter>Resource Files</Filter>
    </None>
    <None Include="Res\NavbarAlpha.png">
      <Filter>Resource Files</Filter>
    </None>
    <None Include="Res\NavbarAlphaRTL.png">
      <Filter>Resource Files</Filter>
    </None>
    <None Include="Res\NavbarRTL.png">
      <Filter>Resource Files</Filter>
    </None>
    <None Include="Res\Neighbours.ico">
      <Filter>Resource Files</Filter>
    </None>
    <None Include="Res\Packets.ico">
      <Filter>Resource Files</Filter>
    </None>
    <None Include="Res\Paintbrushes.ico">
      <Filter>Resource Files</Filter>
    </None>
    <None Include="Res\PanelMark.bmp">
      <Filter>Resource Files</Filter>
    </None>
    <None Include="Res\Partial.ico">
      <Filter>Resource Files</Filter>
    </None>
    <None Include="Res\Plus.ico">
      <Filter>Resource Files</Filter>
    </None>
    <None Include="Res\PlusHover.ico">
      <Filter>Resource Files</Filter>
    </None>
    <None Include="Res\PointerArrow.ico">
      <Filter>Resource Files</Filter>
    </None>
    <None Include="Res\Preview.ico">
      <Filter>Resource Files</Filter>
    </None>
    <None Include="Res\Properties.ico">
      <Filter>Resource Files</Filter>
    </None>
    <None Include="Res\Protocols.bmp">
      <Filter>Resource Files</Filter>
    </None>
    <None Include="Res\RatingAverage.ico">
      <Filter>Resource Files</Filter>
    </None>
    <None Include="Res\RatingFake.ico">
      <Filter>Resource Files</Filter>
    </None>
    <None Include="Res\RatingGood.ico">
      <Filter>Resource Files</Filter>
    </None>
    <None Include="Res\RemoteWnd.png">
      <Filter>Resource Files</Filter>
    </None>
    <None Include="Res\sch-down.cur">
      <Filter>Resource Files</Filter>
    </None>
    <None Include="Res\sch-left.cur">
      <Filter>Resource Files</Filter>
    </None>
    <None Include="Res\sch-right.cur">
      <Filter>Resource Files</Filter>
    </None>
    <None Include="Res\Scheduler.bmp">
      <Filter>Resource Files</Filter>
    </None>
    <None Include="Res\Scheduler.ico">
      <Filter>Resource Files</Filter>
    </None>
    <None Include="Res\SchemaMappings.xml.gz">
      <Filter>Resource Files</Filter>
    </None>
    <None Include="Res\Search.ico">
      <Filter>Resource Files</Filter>
    </None>
    <None Include="Res\SearchFolder.ico">
      <Filter>Resource Files</Filter>
    </None>
    <None Include="Res\Security.bmp">
      <Filter>Resource Files</Filter>
    </None>
    <None Include="Res\Security.ico">
      <Filter>Resource Files</Filter>
    </None>
    <None Include="Res\Shareaza.ico">
      <Filter>Resource Files</Filter>
    </None>
    <None Include="Res\Shareaza.rc2">
      <Filter>Resource Files</Filter>
    </None>
    <None Include="Res\ShareazaIcon.ico">
      <Filter>Resource Files</Filter>
    </None>
    <None Include="Res\ShareazaSmall.ico">
      <Filter>Resource Files</Filter>
    </None>
    <None Include="Res\ShellBase.bmp">
      <Filter>Resource Files</Filter>
    </None>
    <None Include="Res\ShellBaseRTL.bmp">
      <Filter>Resource Files</Filter>
    </None>
    <None Include="Res\ShellBaseVista.bmp">
      <Filter>Resource Files</Filter>
    </None>
    <None Include="Res\Skin.ico">
      <Filter>Resource Files</Filter>
    </None>
    <None Include="Res\SmallStar.bmp">
      <Filter>Resource Files</Filter>
    </None>
    <None Include="Res\SortAsc.bmp">
      <Filter>Resource Files</Filter>
    </None>
    <None Include="Res\SortDesc.bmp">
      <Filter>Resource Files</Filter>
    </None>
    <None Include="Res\Star.ico">
      <Filter>Resource Files</Filter>
    </None>
    <None Include="Res\System.ico">
      <Filter>Resource Files</Filter>
    </None>
    <None Include="Res\TaskBoxCaption.bmp">
      <Filter>Resource Files</Filter>
    </None>
    <None Include="Res\TaskPanelFooter.bmp">
      <Filter>Resource Files</Filter>
    </None>
    <None Include="Res\Tick.ico">
      <Filter>Resource Files</Filter>
    </None>
    <None Include="Res\TimeSlices.bmp">
      <Filter>Resource Files</Filter>
    </None>
    <None Include="Res\ToolsWizard.ico">
      <Filter>Resource Files</Filter>
    </None>
    <None Include="Res\Traffic.ico">
      <Filter>Resource Files</Filter>
    </None>
    <None Include="Res\UpDownArrow.ico">
      <Filter>Resource Files</Filter>
    </None>
    <None Include="Res\Uploads.ico">
      <Filter>Resource Files</Filter>
    </None>
    <None Include="Res\users.ico">
      <Filter>Resource Files</Filter>
    </None>
    <None Include="Res\Warning.ico">
      <Filter>Resource Files</Filter>
    </None>
    <None Include="Res\WebURL.ico">
      <Filter>Resource Files</Filter>
    </None>
    <None Include="Res\Wizard.png">
      <Filter>Resource Files</Filter>
    </None>
    <None Include="Res\WizardDot.ico">
      <Filter>Resource Files</Filter>
    </None>
    <None Include="Res\World.ico">
      <Filter>Resource Files</Filter>
    </None>
    <None Include="revision.js" />
    <None Include="Res\in.ico">
      <Filter>Resource Files</Filter>
    </None>
    <None Include="Res\out.ico">
      <Filter>Resource Files</Filter>
    </None>
    <None Include="Res\Network_NULL.ico">
      <Filter>Resource Files</Filter>
    </None>
    <None Include="Res\Network_G1.ico">
      <Filter>Resource Files</Filter>
    </None>
    <None Include="Res\Network_G2.ico">
      <Filter>Resource Files</Filter>
    </None>
    <None Include="Res\Network_ED2K.ico">
      <Filter>Resource Files</Filter>
    </None>
    <None Include="Res\Network_HTTP.ico">
      <Filter>Resource Files</Filter>
    </None>
    <None Include="Res\Network_FTP.ico">
      <Filter>Resource Files</Filter>
    </None>
    <None Include="Res\Network_BT.ico">
      <Filter>Resource Files</Filter>
    </None>
    <None Include="Res\Network_KAD.ico">
      <Filter>Resource Files</Filter>
    </None>
    <None Include="Res\Network_DC.ico">
      <Filter>Resource Files</Filter>
    </None>
    <None Include="Res\style.css.gz">
      <Filter>Resource Files</Filter>
    </None>
    <None Include="Res\ContactJabber.ico">
      <Filter>Resource Files</Filter>
    </None>
    <None Include="Res\user.ico">
      <Filter>Resource Files</Filter>
    </None>
    <None Include="Res\user_me.ico">
      <Filter>Resource Files</Filter>
    </None>
  </ItemGroup>
  <ItemGroup>
    <CustomBuild Include="Res\About.htm">
      <Filter>Resource Files</Filter>
    </CustomBuild>
    <CustomBuild Include="Res\Browser.htm">
      <Filter>Resource Files</Filter>
    </CustomBuild>
    <CustomBuild Include="Res\Default.xml">
      <Filter>Resource Files</Filter>
    </CustomBuild>
    <CustomBuild Include="Res\Definitions.xml">
      <Filter>Resource Files</Filter>
    </CustomBuild>
    <CustomBuild Include="Res\SchemaMappings.xml">
      <Filter>Resource Files</Filter>
    </CustomBuild>
    <CustomBuild Include="Res\style.css">
      <Filter>Resource Files</Filter>
    </CustomBuild>
  </ItemGroup>
</Project>