
Microsoft Visual Studio Solution File, Format Version 10.00
# Visual Studio 2008
Project("{8BC9CEB8-8B4A-11D0-8D11-00A0C91BC942}") = "RegExp", "RegExp.vcproj", "{A7621AB9-764B-4D68-A5C9-F267C3F36BB7}"
EndProject
Global
	GlobalSection(SolutionConfigurationPlatforms) = preSolution
		Debug|Win32 = Debug|Win32
		Release|Win32 = Release|Win32
	EndGlobalSection
	GlobalSection(ProjectConfigurationPlatforms) = postSolution
		{A7621AB9-764B-4D68-A5C9-F267C3F36BB7}.Debug|Win32.ActiveCfg = Debug|Win32
		{A7621AB9-764B-4D68-A5C9-F267C3F36BB7}.Debug|Win32.Build.0 = Debug|Win32
		{A7621AB9-764B-4D68-A5C9-F267C3F36BB7}.Release|Win32.ActiveCfg = Release|Win32
		{A7621AB9-764B-4D68-A5C9-F267C3F36BB7}.Release|Win32.Build.0 = Release|Win32
	EndGlobalSection
	GlobalSection(SolutionProperties) = preSolution
		HideSolutionNode = FALSE
	EndGlobalSection
EndGlobal
