
Microsoft Visual Studio Solution File, Format Version 10.00
# Visual Studio 2008
Project("{8BC9CEB8-8B4A-11D0-8D11-00A0C91BC942}") = "Preview", "Preview.vcproj", "{2209B566-8043-49BF-81B5-4C171E1E5EB1}"
EndProject
Global
	GlobalSection(DPCodeReviewSolutionGUID) = preSolution
		DPCodeReviewSolutionGUID = {00000000-0000-0000-0000-000000000000}
	EndGlobalSection
	GlobalSection(SolutionConfigurationPlatforms) = preSolution
		Debug|Win32 = Debug|Win32
		Debug|x64 = Debug|x64
		Release|Win32 = Release|Win32
		Release|x64 = Release|x64
	EndGlobalSection
	GlobalSection(ProjectConfigurationPlatforms) = postSolution
		{2209B566-8043-49BF-81B5-4C171E1E5EB1}.Debug|Win32.ActiveCfg = Debug|Win32
		{2209B566-8043-49BF-81B5-4C171E1E5EB1}.Debug|Win32.Build.0 = Debug|Win32
		{2209B566-8043-49BF-81B5-4C171E1E5EB1}.Debug|x64.ActiveCfg = Debug|x64
		{2209B566-8043-49BF-81B5-4C171E1E5EB1}.Debug|x64.Build.0 = Debug|x64
		{2209B566-8043-49BF-81B5-4C171E1E5EB1}.Release|Win32.ActiveCfg = Release|Win32
		{2209B566-8043-49BF-81B5-4C171E1E5EB1}.Release|Win32.Build.0 = Release|Win32
		{2209B566-8043-49BF-81B5-4C171E1E5EB1}.Release|x64.ActiveCfg = Release|x64
		{2209B566-8043-49BF-81B5-4C171E1E5EB1}.Release|x64.Build.0 = Release|x64
	EndGlobalSection
	GlobalSection(SolutionProperties) = preSolution
		HideSolutionNode = FALSE
	EndGlobalSection
EndGlobal
